{
  "format_version": "1.2",
  "terraform_version": "1.5.5",
  "variables": {
    "agents_size": {
      "value": "Standard_D2s_v3"
    },
    "aks_virtual_network": {
      "value": "vnet-aks"
    },
    "aks_vnet_address_space": {
      "value": [
        "10.0.0.0/16"
      ]
    },
    "api_server_authorized_ip_ranges": {
      "value": null
    },
    "api_server_subnet_id": {
      "value": null
    },
    "default_node_pool_subnet_address_prefix": {
      "value": [
        "10.0.0.0/20"
      ]
    },
    "default_node_pool_subnet_name": {
      "value": "SystemSubnet"
    },
    "kubernetes_version": {
      "value": null
    },
    "os_sku": {
      "value": null
    },
    "pod_subnet_id": {
      "value": null
    },
    "private_cluster_enabled": {
      "value": false
    },
    "private_cluster_public_fqdn_enabled": {
      "value": false
    },
    "private_dns_zone_id": {
      "value": null
    },
    "public_network_access_enabled": {
      "value": true
    },
    "public_ssh_key": {
      "value": ""
    },
    "rbac_aad": {
      "value": false
    },
    "region": {
      "value": "eastus"
    },
    "resource_group_name": {
      "value": "aks-test-rg"
    },
    "role_based_access_control_enabled": {
      "value": false
    },
    "sku_tier": {
      "value": "Free"
    },
    "subnet_delegation": {
      "value": {}
    },
    "subnet_enforce_private_link_endpoint_network_policies": {
      "value": {}
    },
    "subnet_names": {
      "value": [
        "subnet1"
      ]
    },
    "subnet_prefixes": {
      "value": [
        "10.0.1.0/24"
      ]
    },
    "subnet_service_endpoints": {
      "value": {}
    },
    "tags": {
      "value": {}
    },
    "use_for_each": {
      "value": true
    }
  },
  "planned_values": {
    "root_module": {
      "resources": [
        {
          "address": "azurerm_resource_group.aks",
          "mode": "managed",
          "type": "azurerm_resource_group",
          "name": "aks",
          "provider_name": "registry.terraform.io/hashicorp/azurerm",
          "schema_version": 0,
          "values": {
            "location": "eastus",
            "name": "aks-rg",
            "tags": null,
            "timeouts": null
          },
          "sensitive_values": {}
        }
      ],
      "child_modules": [
        {
          "resources": [
            {
              "address": "module.aks.azapi_update_resource.aks_cluster_post_create",
              "mode": "managed",
              "type": "azapi_update_resource",
              "name": "aks_cluster_post_create",
              "provider_name": "registry.terraform.io/azure/azapi",
              "schema_version": 0,
              "values": {
                "body": "{\"properties\":{\"kubernetesVersion\":null}}",
                "ignore_casing": false,
                "ignore_missing_property": true,
                "locks": null,
                "response_export_values": null,
                "timeouts": null,
                "type": "Microsoft.ContainerService/managedClusters@2023-01-02-preview"
              },
              "sensitive_values": {}
            },
            {
              "address": "module.aks.azurerm_kubernetes_cluster.main",
              "mode": "managed",
              "type": "azurerm_kubernetes_cluster",
              "name": "main",
              "provider_name": "registry.terraform.io/hashicorp/azurerm",
              "schema_version": 2,
              "values": {
                "aci_connector_linux": [],
                "automatic_channel_upgrade": null,
                "azure_active_directory_role_based_access_control": [],
                "azure_policy_enabled": false,
                "confidential_computing": [],
                "default_node_pool": [
                  {
                    "capacity_reservation_group_id": null,
                    "custom_ca_trust_enabled": null,
                    "enable_auto_scaling": true,
                    "enable_host_encryption": false,
                    "enable_node_public_ip": false,
                    "fips_enabled": null,
                    "host_group_id": null,
                    "kubelet_config": [],
                    "linux_os_config": [],
                    "max_count": 3,
                    "max_pods": 100,
                    "message_of_the_day": null,
                    "min_count": 1,
                    "name": "system",
                    "node_labels": {
                      "nodepool": "defaultnodepool"
                    },
                    "node_network_profile": [],
                    "node_public_ip_prefix_id": null,
                    "node_taints": null,
                    "only_critical_addons_enabled": null,
                    "os_disk_size_gb": 50,
                    "os_disk_type": "Managed",
                    "pod_subnet_id": null,
                    "proximity_placement_group_id": null,
                    "scale_down_mode": "Delete",
                    "tags": {
                      "Agent": "defaultnodepoolagent"
                    },
                    "temporary_name_for_rotation": null,
                    "type": "VirtualMachineScaleSets",
                    "ultra_ssd_enabled": false,
                    "upgrade_settings": [],
                    "vm_size": "Standard_D2s_v3",
                    "zones": [
                      "1",
                      "2"
                    ]
                  }
                ],
                "disk_encryption_set_id": null,
                "dns_prefix": "aks-kiosk",
                "dns_prefix_private_cluster": null,
                "edge_zone": null,
                "enable_pod_security_policy": null,
                "http_application_routing_enabled": false,
                "http_proxy_config": [],
                "identity": [
                  {
                    "identity_ids": null,
                    "type": "SystemAssigned"
                  }
                ],
                "image_cleaner_enabled": false,
                "image_cleaner_interval_hours": 48,
                "ingress_application_gateway": [],
                "key_management_service": [],
                "key_vault_secrets_provider": [
                  {
                    "secret_rotation_enabled": true,
                    "secret_rotation_interval": "3m"
                  }
                ],
                "linux_profile": [],
                "local_account_disabled": null,
                "maintenance_window": [],
                "microsoft_defender": [],
                "monitor_metrics": [],
                "name": "aks-kiosk-aks",
                "network_profile": [
                  {
                    "dns_service_ip": "10.0.0.10",
                    "ebpf_data_plane": null,
                    "load_balancer_sku": "standard",
                    "network_plugin": "kubenet",
                    "network_plugin_mode": null,
                    "network_policy": "calico",
                    "outbound_type": "loadBalancer",
                    "service_cidr": "10.0.0.0/16"
                  }
                ],
                "oidc_issuer_enabled": false,
                "oms_agent": [],
                "open_service_mesh_enabled": null,
                "private_cluster_enabled": false,
                "private_cluster_public_fqdn_enabled": false,
                "public_network_access_enabled": true,
                "resource_group_name": "aks-rg",
                "role_based_access_control_enabled": false,
                "run_command_enabled": true,
                "service_mesh_profile": [],
                "service_principal": [],
                "sku_tier": "Standard",
                "storage_profile": [],
                "tags": null,
                "timeouts": null,
                "web_app_routing": [],
                "workload_autoscaler_profile": [],
                "workload_identity_enabled": false
              },
              "sensitive_values": {
                "aci_connector_linux": [],
                "api_server_access_profile": [],
                "api_server_authorized_ip_ranges": [],
                "auto_scaler_profile": [],
                "azure_active_directory_role_based_access_control": [],
                "confidential_computing": [],
                "default_node_pool": [
                  {
                    "kubelet_config": [],
                    "linux_os_config": [],
                    "node_labels": {},
                    "node_network_profile": [],
                    "tags": {},
                    "upgrade_settings": [],
                    "zones": [
                      false,
                      false
                    ]
                  }
                ],
                "http_proxy_config": [],
                "identity": [
                  {}
                ],
                "ingress_application_gateway": [],
                "key_management_service": [],
                "key_vault_secrets_provider": [
                  {
                    "secret_identity": []
                  }
                ],
                "kube_admin_config": [],
                "kube_config": [],
                "kubelet_identity": [],
                "linux_profile": [],
                "maintenance_window": [],
                "microsoft_defender": [],
                "monitor_metrics": [],
                "network_profile": [
                  {
                    "ip_versions": [],
                    "load_balancer_profile": [],
                    "nat_gateway_profile": [],
                    "pod_cidrs": [],
                    "service_cidrs": []
                  }
                ],
                "oms_agent": [],
                "service_mesh_profile": [],
                "service_principal": [],
                "storage_profile": [],
                "web_app_routing": [],
                "windows_profile": [],
                "workload_autoscaler_profile": []
              }
            },
            {
              "address": "module.aks.data.azurerm_resource_group.main",
              "mode": "data",
              "type": "azurerm_resource_group",
              "name": "main",
              "provider_name": "registry.terraform.io/hashicorp/azurerm",
              "schema_version": 0,
              "values": {
                "name": "aks-rg",
                "timeouts": null
              },
              "sensitive_values": {
                "tags": {}
              }
            },
            {
              "address": "module.aks.null_resource.kubernetes_version_keeper",
              "mode": "managed",
              "type": "null_resource",
              "name": "kubernetes_version_keeper",
              "provider_name": "registry.terraform.io/hashicorp/null",
              "schema_version": 0,
              "values": {
                "triggers": {
                  "version": null
                }
              },
              "sensitive_values": {
                "triggers": {}
              }
            }
          ],
          "address": "module.aks"
        },
        {
          "resources": [
            {
              "address": "module.aks-vnet.azurerm_subnet.subnet[\"subnet0\"]",
              "mode": "managed",
              "type": "azurerm_subnet",
              "name": "subnet",
              "index": "subnet0",
              "provider_name": "registry.terraform.io/hashicorp/azurerm",
              "schema_version": 0,
              "values": {
                "address_prefixes": [
                  "10.52.0.0/24"
                ],
                "delegation": [],
                "name": "subnet0",
                "private_endpoint_network_policies_enabled": true,
                "private_link_service_network_policies_enabled": true,
                "resource_group_name": "aks-rg",
                "service_endpoint_policy_ids": null,
                "service_endpoints": null,
                "timeouts": null,
                "virtual_network_name": "aks-on-azure-vnet"
              },
              "sensitive_values": {
                "address_prefixes": [
                  false
                ],
                "delegation": []
              }
            },
            {
              "address": "module.aks-vnet.azurerm_virtual_network.vnet",
              "mode": "managed",
              "type": "azurerm_virtual_network",
              "name": "vnet",
              "provider_name": "registry.terraform.io/hashicorp/azurerm",
              "schema_version": 0,
              "values": {
                "address_space": [
                  "10.52.0.0/16"
                ],
                "bgp_community": null,
                "ddos_protection_plan": [],
                "edge_zone": null,
                "flow_timeout_in_minutes": null,
                "location": "eastus",
                "name": "aks-on-azure-vnet",
                "resource_group_name": "aks-rg",
                "tags": null,
                "timeouts": null
              },
              "sensitive_values": {
                "address_space": [
                  false
                ],
                "ddos_protection_plan": [],
                "dns_servers": [],
                "subnet": []
              }
            }
          ],
          "address": "module.aks-vnet"
        },
        {
          "resources": [
            {
              "address": "module.aks-vnet2.azurerm_subnet.subnet[\"subnet0\"]",
              "mode": "managed",
              "type": "azurerm_subnet",
              "name": "subnet",
              "index": "subnet0",
              "provider_name": "registry.terraform.io/hashicorp/azurerm",
              "schema_version": 0,
              "values": {
                "address_prefixes": [
                  "10.0.0.0/24"
                ],
                "delegation": [],
                "name": "subnet0",
                "private_endpoint_network_policies_enabled": true,
                "private_link_service_network_policies_enabled": true,
                "resource_group_name": "aks-rg",
                "service_endpoint_policy_ids": null,
                "service_endpoints": null,
                "timeouts": null,
                "virtual_network_name": "aks-on-azure-vnet2"
              },
              "sensitive_values": {
                "address_prefixes": [
                  false
                ],
                "delegation": []
              }
            },
            {
              "address": "module.aks-vnet2.azurerm_virtual_network.vnet",
              "mode": "managed",
              "type": "azurerm_virtual_network",
              "name": "vnet",
              "provider_name": "registry.terraform.io/hashicorp/azurerm",
              "schema_version": 0,
              "values": {
                "address_space": [
                  "10.0.0.0/16"
                ],
                "bgp_community": null,
                "ddos_protection_plan": [],
                "edge_zone": null,
                "flow_timeout_in_minutes": null,
                "location": "eastus",
                "name": "aks-on-azure-vnet2",
                "resource_group_name": "aks-rg",
                "tags": null,
                "timeouts": null
              },
              "sensitive_values": {
                "address_space": [
                  false
                ],
                "ddos_protection_plan": [],
                "dns_servers": [],
                "subnet": []
              }
            }
          ],
          "address": "module.aks-vnet2"
        }
      ]
    }
  },
  "resource_changes": [
    {
      "address": "azurerm_resource_group.aks",
      "mode": "managed",
      "type": "azurerm_resource_group",
      "name": "aks",
      "provider_name": "registry.terraform.io/hashicorp/azurerm",
      "change": {
        "actions": [
          "create"
        ],
        "before": null,
        "after": {
          "location": "eastus",
          "name": "aks-rg",
          "tags": null,
          "timeouts": null
        },
        "after_unknown": {
          "id": true
        },
        "before_sensitive": false,
        "after_sensitive": {}
      }
    },
    {
      "address": "module.aks.data.azurerm_resource_group.main",
      "module_address": "module.aks",
      "mode": "data",
      "type": "azurerm_resource_group",
      "name": "main",
      "provider_name": "registry.terraform.io/hashicorp/azurerm",
      "change": {
        "actions": [
          "read"
        ],
        "before": null,
        "after": {
          "name": "aks-rg",
          "timeouts": null
        },
        "after_unknown": {
          "id": true,
          "location": true,
          "tags": true
        },
        "before_sensitive": false,
        "after_sensitive": {
          "tags": {}
        }
      },
      "action_reason": "read_because_dependency_pending"
    },
    {
      "address": "module.aks.azapi_update_resource.aks_cluster_post_create",
      "module_address": "module.aks",
      "mode": "managed",
      "type": "azapi_update_resource",
      "name": "aks_cluster_post_create",
      "provider_name": "registry.terraform.io/azure/azapi",
      "change": {
        "actions": [
          "create"
        ],
        "before": null,
        "after": {
          "body": "{\"properties\":{\"kubernetesVersion\":null}}",
          "ignore_casing": false,
          "ignore_missing_property": true,
          "locks": null,
          "response_export_values": null,
          "timeouts": null,
          "type": "Microsoft.ContainerService/managedClusters@2023-01-02-preview"
        },
        "after_unknown": {
          "id": true,
          "name": true,
          "output": true,
          "parent_id": true,
          "resource_id": true
        },
        "before_sensitive": false,
        "after_sensitive": {}
      }
    },
    {
      "address": "module.aks.azurerm_kubernetes_cluster.main",
      "module_address": "module.aks",
      "mode": "managed",
      "type": "azurerm_kubernetes_cluster",
      "name": "main",
      "provider_name": "registry.terraform.io/hashicorp/azurerm",
      "change": {
        "actions": [
          "create"
        ],
        "before": null,
        "after": {
          "aci_connector_linux": [],
          "automatic_channel_upgrade": null,
          "azure_active_directory_role_based_access_control": [],
          "azure_policy_enabled": false,
          "confidential_computing": [],
          "default_node_pool": [
            {
              "capacity_reservation_group_id": null,
              "custom_ca_trust_enabled": null,
              "enable_auto_scaling": true,
              "enable_host_encryption": false,
              "enable_node_public_ip": false,
              "fips_enabled": null,
              "host_group_id": null,
              "kubelet_config": [],
              "linux_os_config": [],
              "max_count": 3,
              "max_pods": 100,
              "message_of_the_day": null,
              "min_count": 1,
              "name": "system",
              "node_labels": {
                "nodepool": "defaultnodepool"
              },
              "node_network_profile": [],
              "node_public_ip_prefix_id": null,
              "node_taints": null,
              "only_critical_addons_enabled": null,
              "os_disk_size_gb": 50,
              "os_disk_type": "Managed",
              "pod_subnet_id": null,
              "proximity_placement_group_id": null,
              "scale_down_mode": "Delete",
              "tags": {
                "Agent": "defaultnodepoolagent"
              },
              "temporary_name_for_rotation": null,
              "type": "VirtualMachineScaleSets",
              "ultra_ssd_enabled": false,
              "upgrade_settings": [],
              "vm_size": "Standard_D2s_v3",
              "zones": [
                "1",
                "2"
              ]
            }
          ],
          "disk_encryption_set_id": null,
          "dns_prefix": "aks-kiosk",
          "dns_prefix_private_cluster": null,
          "edge_zone": null,
          "enable_pod_security_policy": null,
          "http_application_routing_enabled": false,
          "http_proxy_config": [],
          "identity": [
            {
              "identity_ids": null,
              "type": "SystemAssigned"
            }
          ],
          "image_cleaner_enabled": false,
          "image_cleaner_interval_hours": 48,
          "ingress_application_gateway": [],
          "key_management_service": [],
          "key_vault_secrets_provider": [
            {
              "secret_rotation_enabled": true,
              "secret_rotation_interval": "3m"
            }
          ],
          "linux_profile": [],
          "local_account_disabled": null,
          "maintenance_window": [],
          "microsoft_defender": [],
          "monitor_metrics": [],
          "name": "aks-kiosk-aks",
          "network_profile": [
            {
              "dns_service_ip": "10.0.0.10",
              "ebpf_data_plane": null,
              "load_balancer_sku": "standard",
              "network_plugin": "kubenet",
              "network_plugin_mode": null,
              "network_policy": "calico",
              "outbound_type": "loadBalancer",
              "service_cidr": "10.0.0.0/16"
            }
          ],
          "oidc_issuer_enabled": false,
          "oms_agent": [],
          "open_service_mesh_enabled": null,
          "private_cluster_enabled": false,
          "private_cluster_public_fqdn_enabled": false,
          "public_network_access_enabled": true,
          "resource_group_name": "aks-rg",
          "role_based_access_control_enabled": false,
          "run_command_enabled": true,
          "service_mesh_profile": [],
          "service_principal": [],
          "sku_tier": "Standard",
          "storage_profile": [],
          "tags": null,
          "timeouts": null,
          "web_app_routing": [],
          "workload_autoscaler_profile": [],
          "workload_identity_enabled": false
        },
        "after_unknown": {
          "aci_connector_linux": [],
          "api_server_access_profile": true,
          "api_server_authorized_ip_ranges": true,
          "auto_scaler_profile": true,
          "azure_active_directory_role_based_access_control": [],
          "confidential_computing": [],
          "default_node_pool": [
            {
              "kubelet_config": [],
              "kubelet_disk_type": true,
              "linux_os_config": [],
              "node_count": true,
              "node_labels": {},
              "node_network_profile": [],
              "orchestrator_version": true,
              "os_sku": true,
              "tags": {},
              "upgrade_settings": [],
              "vnet_subnet_id": true,
              "workload_runtime": true,
              "zones": [
                false,
                false
              ]
            }
          ],
          "fqdn": true,
          "http_application_routing_zone_name": true,
          "http_proxy_config": [],
          "id": true,
          "identity": [
            {
              "principal_id": true,
              "tenant_id": true
            }
          ],
          "ingress_application_gateway": [],
          "key_management_service": [],
          "key_vault_secrets_provider": [
            {
              "secret_identity": true
            }
          ],
          "kube_admin_config": true,
          "kube_admin_config_raw": true,
          "kube_config": true,
          "kube_config_raw": true,
          "kubelet_identity": true,
          "kubernetes_version": true,
          "linux_profile": [],
          "location": true,
          "maintenance_window": [],
          "microsoft_defender": [],
          "monitor_metrics": [],
          "network_profile": [
            {
              "docker_bridge_cidr": true,
              "ip_versions": true,
              "load_balancer_profile": true,
              "nat_gateway_profile": true,
              "network_mode": true,
              "pod_cidr": true,
              "pod_cidrs": true,
              "service_cidrs": true
            }
          ],
          "node_resource_group": true,
          "node_resource_group_id": true,
          "oidc_issuer_url": true,
          "oms_agent": [],
          "portal_fqdn": true,
          "private_dns_zone_id": true,
          "private_fqdn": true,
          "service_mesh_profile": [],
          "service_principal": [],
          "storage_profile": [],
          "web_app_routing": [],
          "windows_profile": true,
          "workload_autoscaler_profile": []
        },
        "before_sensitive": false,
        "after_sensitive": {
          "aci_connector_linux": [],
          "api_server_access_profile": [],
          "api_server_authorized_ip_ranges": [],
          "auto_scaler_profile": [],
          "azure_active_directory_role_based_access_control": [],
          "confidential_computing": [],
          "default_node_pool": [
            {
              "kubelet_config": [],
              "linux_os_config": [],
              "node_labels": {},
              "node_network_profile": [],
              "tags": {},
              "upgrade_settings": [],
              "zones": [
                false,
                false
              ]
            }
          ],
          "http_proxy_config": [],
          "identity": [
            {}
          ],
          "ingress_application_gateway": [],
          "key_management_service": [],
          "key_vault_secrets_provider": [
            {
              "secret_identity": []
            }
          ],
          "kube_admin_config": true,
          "kube_admin_config_raw": true,
          "kube_config": true,
          "kube_config_raw": true,
          "kubelet_identity": [],
          "linux_profile": [],
          "maintenance_window": [],
          "microsoft_defender": [],
          "monitor_metrics": [],
          "network_profile": [
            {
              "ip_versions": [],
              "load_balancer_profile": [],
              "nat_gateway_profile": [],
              "pod_cidrs": [],
              "service_cidrs": []
            }
          ],
          "oms_agent": [],
          "service_mesh_profile": [],
          "service_principal": [],
          "storage_profile": [],
          "web_app_routing": [],
          "windows_profile": [],
          "workload_autoscaler_profile": []
        }
      }
    },
    {
      "address": "module.aks.null_resource.kubernetes_version_keeper",
      "module_address": "module.aks",
      "mode": "managed",
      "type": "null_resource",
      "name": "kubernetes_version_keeper",
      "provider_name": "registry.terraform.io/hashicorp/null",
      "change": {
        "actions": [
          "create"
        ],
        "before": null,
        "after": {
          "triggers": {
            "version": null
          }
        },
        "after_unknown": {
          "id": true,
          "triggers": {}
        },
        "before_sensitive": false,
        "after_sensitive": {
          "triggers": {}
        }
      }
    },
    {
      "address": "module.aks-vnet.azurerm_subnet.subnet[\"subnet0\"]",
      "module_address": "module.aks-vnet",
      "mode": "managed",
      "type": "azurerm_subnet",
      "name": "subnet",
      "index": "subnet0",
      "provider_name": "registry.terraform.io/hashicorp/azurerm",
      "change": {
        "actions": [
          "create"
        ],
        "before": null,
        "after": {
          "address_prefixes": [
            "10.52.0.0/24"
          ],
          "delegation": [],
          "name": "subnet0",
          "private_endpoint_network_policies_enabled": true,
          "private_link_service_network_policies_enabled": true,
          "resource_group_name": "aks-rg",
          "service_endpoint_policy_ids": null,
          "service_endpoints": null,
          "timeouts": null,
          "virtual_network_name": "aks-on-azure-vnet"
        },
        "after_unknown": {
          "address_prefixes": [
            false
          ],
          "delegation": [],
          "enforce_private_link_endpoint_network_policies": true,
          "enforce_private_link_service_network_policies": true,
          "id": true
        },
        "before_sensitive": false,
        "after_sensitive": {
          "address_prefixes": [
            false
          ],
          "delegation": []
        }
      }
    },
    {
      "address": "module.aks-vnet.azurerm_virtual_network.vnet",
      "module_address": "module.aks-vnet",
      "mode": "managed",
      "type": "azurerm_virtual_network",
      "name": "vnet",
      "provider_name": "registry.terraform.io/hashicorp/azurerm",
      "change": {
        "actions": [
          "create"
        ],
        "before": null,
        "after": {
          "address_space": [
            "10.52.0.0/16"
          ],
          "bgp_community": null,
          "ddos_protection_plan": [],
          "edge_zone": null,
          "flow_timeout_in_minutes": null,
          "location": "eastus",
          "name": "aks-on-azure-vnet",
          "resource_group_name": "aks-rg",
          "tags": null,
          "timeouts": null
        },
        "after_unknown": {
          "address_space": [
            false
          ],
          "ddos_protection_plan": [],
          "dns_servers": true,
          "guid": true,
          "id": true,
          "subnet": true
        },
        "before_sensitive": false,
        "after_sensitive": {
          "address_space": [
            false
          ],
          "ddos_protection_plan": [],
          "dns_servers": [],
          "subnet": []
        }
      }
    },
    {
      "address": "module.aks-vnet2.azurerm_subnet.subnet[\"subnet0\"]",
      "module_address": "module.aks-vnet2",
      "mode": "managed",
      "type": "azurerm_subnet",
      "name": "subnet",
      "index": "subnet0",
      "provider_name": "registry.terraform.io/hashicorp/azurerm",
      "change": {
        "actions": [
          "create"
        ],
        "before": null,
        "after": {
          "address_prefixes": [
            "10.0.0.0/24"
          ],
          "delegation": [],
          "name": "subnet0",
          "private_endpoint_network_policies_enabled": true,
          "private_link_service_network_policies_enabled": true,
          "resource_group_name": "aks-rg",
          "service_endpoint_policy_ids": null,
          "service_endpoints": null,
          "timeouts": null,
          "virtual_network_name": "aks-on-azure-vnet2"
        },
        "after_unknown": {
          "address_prefixes": [
            false
          ],
          "delegation": [],
          "enforce_private_link_endpoint_network_policies": true,
          "enforce_private_link_service_network_policies": true,
          "id": true
        },
        "before_sensitive": false,
        "after_sensitive": {
          "address_prefixes": [
            false
          ],
          "delegation": []
        }
      }
    },
    {
      "address": "module.aks-vnet2.azurerm_virtual_network.vnet",
      "module_address": "module.aks-vnet2",
      "mode": "managed",
      "type": "azurerm_virtual_network",
      "name": "vnet",
      "provider_name": "registry.terraform.io/hashicorp/azurerm",
      "change": {
        "actions": [
          "create"
        ],
        "before": null,
        "after": {
          "address_space": [
            "10.0.0.0/16"
          ],
          "bgp_community": null,
          "ddos_protection_plan": [],
          "edge_zone": null,
          "flow_timeout_in_minutes": null,
          "location": "eastus",
          "name": "aks-on-azure-vnet2",
          "resource_group_name": "aks-rg",
          "tags": null,
          "timeouts": null
        },
        "after_unknown": {
          "address_space": [
            false
          ],
          "ddos_protection_plan": [],
          "dns_servers": true,
          "guid": true,
          "id": true,
          "subnet": true
        },
        "before_sensitive": false,
        "after_sensitive": {
          "address_space": [
            false
          ],
          "ddos_protection_plan": [],
          "dns_servers": [],
          "subnet": []
        }
      }
    }
  ],
  "configuration": {
    "provider_config": {
      "azurerm": {
        "name": "azurerm",
        "full_name": "registry.terraform.io/hashicorp/azurerm",
        "version_constraint": ">= 3.0.0, < 4.0.0",
        "expressions": {
          "features": [
            {}
          ]
        }
      },
      "helm": {
        "name": "helm",
        "full_name": "registry.terraform.io/hashicorp/helm",
        "version_constraint": "2.10.1",
        "expressions": {
          "kubernetes": [
            {
              "config_path": {
                "constant_value": "~/.kube/config"
              }
            }
          ]
        }
      },
      "kubectl": {
        "name": "kubectl",
        "full_name": "registry.terraform.io/gavinbunney/kubectl",
        "version_constraint": "1.14.0",
        "expressions": {
          "config_path": {
            "constant_value": "~/.kube/config"
          }
        }
      },
      "module.aks:azapi": {
        "name": "azapi",
        "full_name": "registry.terraform.io/azure/azapi",
        "version_constraint": ">= 1.4.0, < 2.0.0",
        "module_address": "module.aks"
      },
      "module.aks:null": {
        "name": "null",
        "full_name": "registry.terraform.io/hashicorp/null",
        "version_constraint": ">= 3.0.0",
        "module_address": "module.aks"
      },
      "module.aks:tls": {
        "name": "tls",
        "full_name": "registry.terraform.io/hashicorp/tls",
        "version_constraint": ">= 3.1.0",
        "module_address": "module.aks"
      }
    },
    "root_module": {
      "resources": [
        {
          "address": "azurerm_resource_group.aks",
          "mode": "managed",
          "type": "azurerm_resource_group",
          "name": "aks",
          "provider_config_key": "azurerm",
          "expressions": {
            "location": {
              "constant_value": "East US"
            },
            "name": {
              "constant_value": "aks-rg"
            }
          },
          "schema_version": 0
        }
      ],
      "module_calls": {
        "aks": {
          "source": "Azure/aks/azurerm",
          "expressions": {
            "agents_availability_zones": {
              "constant_value": [
                "1",
                "2"
              ]
            },
            "agents_count": {
              "constant_value": null
            },
            "agents_labels": {
              "constant_value": {
                "nodepool": "defaultnodepool"
              }
            },
            "agents_max_count": {
              "constant_value": 3
            },
            "agents_max_pods": {
              "constant_value": 100
            },
            "agents_min_count": {
              "constant_value": 1
            },
            "agents_pool_name": {
              "constant_value": "system"
            },
            "agents_size": {
              "references": [
                "var.agents_size"
              ]
            },
            "agents_tags": {
              "constant_value": {
                "Agent": "defaultnodepoolagent"
              }
            },
            "agents_type": {
              "constant_value": "VirtualMachineScaleSets"
            },
            "enable_auto_scaling": {
              "constant_value": true
            },
            "enable_host_encryption": {
              "constant_value": false
            },
            "http_application_routing_enabled": {
              "constant_value": false
            },
            "ingress_application_gateway_enabled": {
              "constant_value": false
            },
            "key_vault_secrets_provider_enabled": {
              "constant_value": true
            },
            "kubernetes_version": {
              "references": [
                "var.kubernetes_version"
              ]
            },
            "log_analytics_workspace_enabled": {
              "constant_value": false
            },
            "net_profile_dns_service_ip": {
              "constant_value": "10.0.0.10"
            },
            "net_profile_service_cidr": {
              "constant_value": "10.0.0.0/16"
            },
            "network_plugin": {
              "constant_value": "kubenet"
            },
            "network_policy": {
              "constant_value": "calico"
            },
            "orchestrator_version": {
              "references": [
                "var.kubernetes_version"
              ]
            },
            "os_disk_size_gb": {
              "constant_value": 50
            },
            "prefix": {
              "constant_value": "aks-kiosk"
            },
            "private_cluster_enabled": {
              "constant_value": false
            },
            "rbac_aad": {
              "references": [
                "var.rbac_aad"
              ]
            },
            "resource_group_name": {
              "references": [
                "azurerm_resource_group.aks.name",
                "azurerm_resource_group.aks"
              ]
            },
            "role_based_access_control_enabled": {
              "references": [
                "var.role_based_access_control_enabled"
              ]
            },
            "secret_rotation_enabled": {
              "constant_value": true
            },
            "secret_rotation_interval": {
              "constant_value": "3m"
            },
            "sku_tier": {
              "constant_value": "Standard"
            },
            "vnet_subnet_id": {
              "references": [
                "module.aks-vnet.vnet_subnets_name_id",
                "module.aks-vnet"
              ]
            }
          },
          "module": {
            "outputs": {
              "aci_connector_linux": {
                "expression": {
                  "references": [
                    "azurerm_kubernetes_cluster.main.aci_connector_linux[0]",
                    "azurerm_kubernetes_cluster.main.aci_connector_linux",
                    "azurerm_kubernetes_cluster.main"
                  ]
                },
                "description": "The `aci_connector_linux` block of `azurerm_kubernetes_cluster` resource."
              },
              "aci_connector_linux_enabled": {
                "expression": {
                  "references": [
                    "azurerm_kubernetes_cluster.main.aci_connector_linux[0]",
                    "azurerm_kubernetes_cluster.main.aci_connector_linux",
                    "azurerm_kubernetes_cluster.main"
                  ]
                },
                "description": "Has `aci_connector_linux` been enabled on the `azurerm_kubernetes_cluster` resource?"
              },
              "admin_client_certificate": {
                "sensitive": true,
                "expression": {
                  "references": [
                    "azurerm_kubernetes_cluster.main.kube_admin_config[0].client_certificate",
                    "azurerm_kubernetes_cluster.main.kube_admin_config[0]",
                    "azurerm_kubernetes_cluster.main.kube_admin_config",
                    "azurerm_kubernetes_cluster.main"
                  ]
                },
                "description": "The `client_certificate` in the `azurerm_kubernetes_cluster`'s `kube_admin_config` block.  Base64 encoded public certificate used by clients to authenticate to the Kubernetes cluster."
              },
              "admin_client_key": {
                "sensitive": true,
                "expression": {
                  "references": [
                    "azurerm_kubernetes_cluster.main.kube_admin_config[0].client_key",
                    "azurerm_kubernetes_cluster.main.kube_admin_config[0]",
                    "azurerm_kubernetes_cluster.main.kube_admin_config",
                    "azurerm_kubernetes_cluster.main"
                  ]
                },
                "description": "The `client_key` in the `azurerm_kubernetes_cluster`'s `kube_admin_config` block. Base64 encoded private key used by clients to authenticate to the Kubernetes cluster."
              },
              "admin_cluster_ca_certificate": {
                "sensitive": true,
                "expression": {
                  "references": [
                    "azurerm_kubernetes_cluster.main.kube_admin_config[0].cluster_ca_certificate",
                    "azurerm_kubernetes_cluster.main.kube_admin_config[0]",
                    "azurerm_kubernetes_cluster.main.kube_admin_config",
                    "azurerm_kubernetes_cluster.main"
                  ]
                },
                "description": "The `cluster_ca_certificate` in the `azurerm_kubernetes_cluster`'s `kube_admin_config` block. Base64 encoded public CA certificate used as the root of trust for the Kubernetes cluster."
              },
              "admin_host": {
                "sensitive": true,
                "expression": {
                  "references": [
                    "azurerm_kubernetes_cluster.main.kube_admin_config[0].host",
                    "azurerm_kubernetes_cluster.main.kube_admin_config[0]",
                    "azurerm_kubernetes_cluster.main.kube_admin_config",
                    "azurerm_kubernetes_cluster.main"
                  ]
                },
                "description": "The `host` in the `azurerm_kubernetes_cluster`'s `kube_admin_config` block. The Kubernetes cluster server host."
              },
              "admin_password": {
                "sensitive": true,
                "expression": {
                  "references": [
                    "azurerm_kubernetes_cluster.main.kube_admin_config[0].password",
                    "azurerm_kubernetes_cluster.main.kube_admin_config[0]",
                    "azurerm_kubernetes_cluster.main.kube_admin_config",
                    "azurerm_kubernetes_cluster.main"
                  ]
                },
                "description": "The `password` in the `azurerm_kubernetes_cluster`'s `kube_admin_config` block. A password or token used to authenticate to the Kubernetes cluster."
              },
              "admin_username": {
                "sensitive": true,
                "expression": {
                  "references": [
                    "azurerm_kubernetes_cluster.main.kube_admin_config[0].username",
                    "azurerm_kubernetes_cluster.main.kube_admin_config[0]",
                    "azurerm_kubernetes_cluster.main.kube_admin_config",
                    "azurerm_kubernetes_cluster.main"
                  ]
                },
                "description": "The `username` in the `azurerm_kubernetes_cluster`'s `kube_admin_config` block. A username used to authenticate to the Kubernetes cluster."
              },
              "aks_id": {
                "expression": {
                  "references": [
                    "azurerm_kubernetes_cluster.main.id",
                    "azurerm_kubernetes_cluster.main"
                  ]
                },
                "description": "The `azurerm_kubernetes_cluster`'s id."
              },
              "aks_name": {
                "expression": {
                  "references": [
                    "azurerm_kubernetes_cluster.main.name",
                    "azurerm_kubernetes_cluster.main"
                  ]
                },
                "description": "The `aurerm_kubernetes-cluster`'s name."
              },
              "azure_policy_enabled": {
                "expression": {
                  "references": [
                    "azurerm_kubernetes_cluster.main.azure_policy_enabled",
                    "azurerm_kubernetes_cluster.main"
                  ]
                },
                "description": "The `azurerm_kubernetes_cluster`'s `azure_policy_enabled` argument. Should the Azure Policy Add-On be enabled? For more details please visit [Understand Azure Policy for Azure Kubernetes Service](https://docs.microsoft.com/en-ie/azure/governance/policy/concepts/rego-for-aks)"
              },
              "azurerm_log_analytics_workspace_id": {
                "expression": {
                  "references": [
                    "azurerm_log_analytics_workspace.main[0].id",
                    "azurerm_log_analytics_workspace.main[0]",
                    "azurerm_log_analytics_workspace.main"
                  ]
                },
                "description": "The id of the created Log Analytics workspace"
              },
              "azurerm_log_analytics_workspace_name": {
                "expression": {
                  "references": [
                    "azurerm_log_analytics_workspace.main[0].name",
                    "azurerm_log_analytics_workspace.main[0]",
                    "azurerm_log_analytics_workspace.main"
                  ]
                },
                "description": "The name of the created Log Analytics workspace"
              },
              "azurerm_log_analytics_workspace_primary_shared_key": {
                "sensitive": true,
                "expression": {
                  "references": [
                    "azurerm_log_analytics_workspace.main[0].primary_shared_key",
                    "azurerm_log_analytics_workspace.main[0]",
                    "azurerm_log_analytics_workspace.main"
                  ]
                },
                "description": "Specifies the workspace key of the log analytics workspace"
              },
              "client_certificate": {
                "sensitive": true,
                "expression": {
                  "references": [
                    "azurerm_kubernetes_cluster.main.kube_config[0].client_certificate",
                    "azurerm_kubernetes_cluster.main.kube_config[0]",
                    "azurerm_kubernetes_cluster.main.kube_config",
                    "azurerm_kubernetes_cluster.main"
                  ]
                },
                "description": "The `client_certificate` in the `azurerm_kubernetes_cluster`'s `kube_config` block. Base64 encoded public certificate used by clients to authenticate to the Kubernetes cluster."
              },
              "client_key": {
                "sensitive": true,
                "expression": {
                  "references": [
                    "azurerm_kubernetes_cluster.main.kube_config[0].client_key",
                    "azurerm_kubernetes_cluster.main.kube_config[0]",
                    "azurerm_kubernetes_cluster.main.kube_config",
                    "azurerm_kubernetes_cluster.main"
                  ]
                },
                "description": "The `client_key` in the `azurerm_kubernetes_cluster`'s `kube_config` block. Base64 encoded private key used by clients to authenticate to the Kubernetes cluster."
              },
              "cluster_ca_certificate": {
                "sensitive": true,
                "expression": {
                  "references": [
                    "azurerm_kubernetes_cluster.main.kube_config[0].cluster_ca_certificate",
                    "azurerm_kubernetes_cluster.main.kube_config[0]",
                    "azurerm_kubernetes_cluster.main.kube_config",
                    "azurerm_kubernetes_cluster.main"
                  ]
                },
                "description": "The `cluster_ca_certificate` in the `azurerm_kubernetes_cluster`'s `kube_config` block. Base64 encoded public CA certificate used as the root of trust for the Kubernetes cluster."
              },
              "cluster_fqdn": {
                "expression": {
                  "references": [
                    "azurerm_kubernetes_cluster.main.fqdn",
                    "azurerm_kubernetes_cluster.main"
                  ]
                },
                "description": "The FQDN of the Azure Kubernetes Managed Cluster."
              },
              "cluster_identity": {
                "expression": {
                  "references": [
                    "azurerm_kubernetes_cluster.main.identity[0]",
                    "azurerm_kubernetes_cluster.main.identity",
                    "azurerm_kubernetes_cluster.main"
                  ]
                },
                "description": "The `azurerm_kubernetes_cluster`'s `identity` block."
              },
              "cluster_portal_fqdn": {
                "expression": {
                  "references": [
                    "azurerm_kubernetes_cluster.main.portal_fqdn",
                    "azurerm_kubernetes_cluster.main"
                  ]
                },
                "description": "The FQDN for the Azure Portal resources when private link has been enabled, which is only resolvable inside the Virtual Network used by the Kubernetes Cluster."
              },
              "cluster_private_fqdn": {
                "expression": {
                  "references": [
                    "azurerm_kubernetes_cluster.main.private_fqdn",
                    "azurerm_kubernetes_cluster.main"
                  ]
                },
                "description": "The FQDN for the Kubernetes Cluster when private link has been enabled, which is only resolvable inside the Virtual Network used by the Kubernetes Cluster."
              },
              "generated_cluster_private_ssh_key": {
                "sensitive": true,
                "expression": {
                  "references": [
                    "azurerm_kubernetes_cluster.main.linux_profile[0]",
                    "azurerm_kubernetes_cluster.main.linux_profile",
                    "azurerm_kubernetes_cluster.main",
                    "var.public_ssh_key",
                    "var.public_ssh_key",
                    "tls_private_key.ssh[0].private_key_pem",
                    "tls_private_key.ssh[0]",
                    "tls_private_key.ssh"
                  ]
                },
                "description": "The cluster will use this generated private key as ssh key when `var.public_ssh_key` is empty or null. Private key data in [PEM (RFC 1421)](https://datatracker.ietf.org/doc/html/rfc1421) format."
              },
              "generated_cluster_public_ssh_key": {
                "expression": {
                  "references": [
                    "azurerm_kubernetes_cluster.main.linux_profile[0]",
                    "azurerm_kubernetes_cluster.main.linux_profile",
                    "azurerm_kubernetes_cluster.main",
                    "var.public_ssh_key",
                    "var.public_ssh_key",
                    "tls_private_key.ssh[0].public_key_openssh",
                    "tls_private_key.ssh[0]",
                    "tls_private_key.ssh"
                  ]
                },
                "description": "The cluster will use this generated public key as ssh key when `var.public_ssh_key` is empty or null. The fingerprint of the public key data in OpenSSH MD5 hash format, e.g. `aa:bb:cc:....` Only available if the selected private key format is compatible, similarly to `public_key_openssh` and the [ECDSA P224 limitations](https://registry.terraform.io/providers/hashicorp/tls/latest/docs#limitations)."
              },
              "host": {
                "sensitive": true,
                "expression": {
                  "references": [
                    "azurerm_kubernetes_cluster.main.kube_config[0].host",
                    "azurerm_kubernetes_cluster.main.kube_config[0]",
                    "azurerm_kubernetes_cluster.main.kube_config",
                    "azurerm_kubernetes_cluster.main"
                  ]
                },
                "description": "The `host` in the `azurerm_kubernetes_cluster`'s `kube_config` block. The Kubernetes cluster server host."
              },
              "http_application_routing_enabled": {
                "expression": {
                  "references": [
                    "azurerm_kubernetes_cluster.main.http_application_routing_enabled",
                    "azurerm_kubernetes_cluster.main"
                  ]
                },
                "description": "The `azurerm_kubernetes_cluster`'s `http_application_routing_enabled` argument. (Optional) Should HTTP Application Routing be enabled?"
              },
              "http_application_routing_zone_name": {
                "expression": {
                  "references": [
                    "azurerm_kubernetes_cluster.main.http_application_routing_zone_name",
                    "azurerm_kubernetes_cluster.main",
                    "azurerm_kubernetes_cluster.main.http_application_routing_zone_name",
                    "azurerm_kubernetes_cluster.main"
                  ]
                },
                "description": "The `azurerm_kubernetes_cluster`'s `http_application_routing_zone_name` argument. The Zone Name of the HTTP Application Routing."
              },
              "ingress_application_gateway": {
                "expression": {
                  "references": [
                    "azurerm_kubernetes_cluster.main.ingress_application_gateway[0]",
                    "azurerm_kubernetes_cluster.main.ingress_application_gateway",
                    "azurerm_kubernetes_cluster.main"
                  ]
                },
                "description": "The `azurerm_kubernetes_cluster`'s `ingress_application_gateway` block."
              },
              "ingress_application_gateway_enabled": {
                "expression": {
                  "references": [
                    "azurerm_kubernetes_cluster.main.ingress_application_gateway[0]",
                    "azurerm_kubernetes_cluster.main.ingress_application_gateway",
                    "azurerm_kubernetes_cluster.main"
                  ]
                },
                "description": "Has the `azurerm_kubernetes_cluster` turned on `ingress_application_gateway` block?"
              },
              "key_vault_secrets_provider": {
                "expression": {
                  "references": [
                    "azurerm_kubernetes_cluster.main.key_vault_secrets_provider[0]",
                    "azurerm_kubernetes_cluster.main.key_vault_secrets_provider",
                    "azurerm_kubernetes_cluster.main"
                  ]
                },
                "description": "The `azurerm_kubernetes_cluster`'s `key_vault_secrets_provider` block."
              },
              "key_vault_secrets_provider_enabled": {
                "expression": {
                  "references": [
                    "azurerm_kubernetes_cluster.main.key_vault_secrets_provider[0]",
                    "azurerm_kubernetes_cluster.main.key_vault_secrets_provider",
                    "azurerm_kubernetes_cluster.main"
                  ]
                },
                "description": "Has the `azurerm_kubernetes_cluster` turned on `key_vault_secrets_provider` block?"
              },
              "kube_admin_config_raw": {
                "sensitive": true,
                "expression": {
                  "references": [
                    "azurerm_kubernetes_cluster.main.kube_admin_config_raw",
                    "azurerm_kubernetes_cluster.main"
                  ]
                },
                "description": "The `azurerm_kubernetes_cluster`'s `kube_admin_config_raw` argument. Raw Kubernetes config for the admin account to be used by [kubectl](https://kubernetes.io/docs/reference/kubectl/overview/) and other compatible tools. This is only available when Role Based Access Control with Azure Active Directory is enabled and local accounts enabled."
              },
              "kube_config_raw": {
                "sensitive": true,
                "expression": {
                  "references": [
                    "azurerm_kubernetes_cluster.main.kube_config_raw",
                    "azurerm_kubernetes_cluster.main"
                  ]
                },
                "description": "The `azurerm_kubernetes_cluster`'s `kube_config_raw` argument. Raw Kubernetes config to be used by [kubectl](https://kubernetes.io/docs/reference/kubectl/overview/) and other compatible tools."
              },
              "kubelet_identity": {
                "expression": {
                  "references": [
                    "azurerm_kubernetes_cluster.main.kubelet_identity",
                    "azurerm_kubernetes_cluster.main"
                  ]
                },
                "description": "The `azurerm_kubernetes_cluster`'s `kubelet_identity` block."
              },
              "location": {
                "expression": {
                  "references": [
                    "azurerm_kubernetes_cluster.main.location",
                    "azurerm_kubernetes_cluster.main"
                  ]
                },
                "description": "The `azurerm_kubernetes_cluster`'s `location` argument. (Required) The location where the Managed Kubernetes Cluster should be created."
              },
              "network_profile": {
                "expression": {
                  "references": [
                    "azurerm_kubernetes_cluster.main.network_profile",
                    "azurerm_kubernetes_cluster.main"
                  ]
                },
                "description": "The `azurerm_kubernetes_cluster`'s `network_profile` block"
              },
              "node_resource_group": {
                "expression": {
                  "references": [
                    "azurerm_kubernetes_cluster.main.node_resource_group",
                    "azurerm_kubernetes_cluster.main"
                  ]
                },
                "description": "The auto-generated Resource Group which contains the resources for this Managed Kubernetes Cluster."
              },
              "oidc_issuer_url": {
                "expression": {
                  "references": [
                    "azurerm_kubernetes_cluster.main.oidc_issuer_url",
                    "azurerm_kubernetes_cluster.main"
                  ]
                },
                "description": "The OIDC issuer URL that is associated with the cluster."
              },
              "oms_agent": {
                "expression": {
                  "references": [
                    "azurerm_kubernetes_cluster.main.oms_agent[0]",
                    "azurerm_kubernetes_cluster.main.oms_agent",
                    "azurerm_kubernetes_cluster.main"
                  ]
                },
                "description": "The `azurerm_kubernetes_cluster`'s `oms_agent` argument."
              },
              "oms_agent_enabled": {
                "expression": {
                  "references": [
                    "azurerm_kubernetes_cluster.main.oms_agent[0]",
                    "azurerm_kubernetes_cluster.main.oms_agent",
                    "azurerm_kubernetes_cluster.main"
                  ]
                },
                "description": "Has the `azurerm_kubernetes_cluster` turned on `oms_agent` block?"
              },
              "open_service_mesh_enabled": {
                "expression": {
                  "references": [
                    "azurerm_kubernetes_cluster.main.open_service_mesh_enabled",
                    "azurerm_kubernetes_cluster.main"
                  ]
                },
                "description": "(Optional) Is Open Service Mesh enabled? For more details, please visit [Open Service Mesh for AKS](https://docs.microsoft.com/azure/aks/open-service-mesh-about)."
              },
              "password": {
                "sensitive": true,
                "expression": {
                  "references": [
                    "azurerm_kubernetes_cluster.main.kube_config[0].password",
                    "azurerm_kubernetes_cluster.main.kube_config[0]",
                    "azurerm_kubernetes_cluster.main.kube_config",
                    "azurerm_kubernetes_cluster.main"
                  ]
                },
                "description": "The `password` in the `azurerm_kubernetes_cluster`'s `kube_config` block. A password or token used to authenticate to the Kubernetes cluster."
              },
              "username": {
                "sensitive": true,
                "expression": {
                  "references": [
                    "azurerm_kubernetes_cluster.main.kube_config[0].username",
                    "azurerm_kubernetes_cluster.main.kube_config[0]",
                    "azurerm_kubernetes_cluster.main.kube_config",
                    "azurerm_kubernetes_cluster.main"
                  ]
                },
                "description": "The `username` in the `azurerm_kubernetes_cluster`'s `kube_config` block. A username used to authenticate to the Kubernetes cluster."
              }
            },
            "resources": [
              {
                "address": "azapi_update_resource.aks_cluster_post_create",
                "mode": "managed",
                "type": "azapi_update_resource",
                "name": "aks_cluster_post_create",
                "provider_config_key": "module.aks:azapi",
                "expressions": {
                  "body": {
                    "references": [
                      "var.kubernetes_version"
                    ]
                  },
                  "resource_id": {
                    "references": [
                      "azurerm_kubernetes_cluster.main.id",
                      "azurerm_kubernetes_cluster.main"
                    ]
                  },
                  "type": {
                    "constant_value": "Microsoft.ContainerService/managedClusters@2023-01-02-preview"
                  }
                },
                "schema_version": 0
              },
              {
                "address": "azurerm_kubernetes_cluster.main",
                "mode": "managed",
                "type": "azurerm_kubernetes_cluster",
                "name": "main",
                "provider_config_key": "azurerm",
                "expressions": {
                  "automatic_channel_upgrade": {
                    "references": [
                      "var.automatic_channel_upgrade"
                    ]
                  },
                  "azure_policy_enabled": {
                    "references": [
                      "var.azure_policy_enabled"
                    ]
                  },
                  "disk_encryption_set_id": {
                    "references": [
                      "var.disk_encryption_set_id"
                    ]
                  },
                  "dns_prefix": {
                    "references": [
                      "var.prefix"
                    ]
                  },
                  "http_application_routing_enabled": {
                    "references": [
                      "var.http_application_routing_enabled"
                    ]
                  },
                  "kubernetes_version": {
                    "references": [
                      "var.kubernetes_version"
                    ]
                  },
                  "local_account_disabled": {
                    "references": [
                      "var.local_account_disabled"
                    ]
                  },
                  "location": {
                    "references": [
                      "var.location",
                      "data.azurerm_resource_group.main.location",
                      "data.azurerm_resource_group.main"
                    ]
                  },
                  "name": {
                    "references": [
                      "var.cluster_name",
                      "var.prefix"
                    ]
                  },
                  "network_profile": [
                    {
                      "dns_service_ip": {
                        "references": [
                          "var.net_profile_dns_service_ip"
                        ]
                      },
                      "load_balancer_sku": {
                        "references": [
                          "var.load_balancer_sku"
                        ]
                      },
                      "network_plugin": {
                        "references": [
                          "var.network_plugin"
                        ]
                      },
                      "network_plugin_mode": {
                        "references": [
                          "var.network_plugin_mode"
                        ]
                      },
                      "network_policy": {
                        "references": [
                          "var.network_policy"
                        ]
                      },
                      "outbound_type": {
                        "references": [
                          "var.net_profile_outbound_type"
                        ]
                      },
                      "pod_cidr": {
                        "references": [
                          "var.net_profile_pod_cidr"
                        ]
                      },
                      "service_cidr": {
                        "references": [
                          "var.net_profile_service_cidr"
                        ]
                      }
                    }
                  ],
                  "node_resource_group": {
                    "references": [
                      "var.node_resource_group"
                    ]
                  },
                  "oidc_issuer_enabled": {
                    "references": [
                      "var.oidc_issuer_enabled"
                    ]
                  },
                  "open_service_mesh_enabled": {
                    "references": [
                      "var.open_service_mesh_enabled"
                    ]
                  },
                  "private_cluster_enabled": {
                    "references": [
                      "var.private_cluster_enabled"
                    ]
                  },
                  "private_cluster_public_fqdn_enabled": {
                    "references": [
                      "var.private_cluster_public_fqdn_enabled"
                    ]
                  },
                  "private_dns_zone_id": {
                    "references": [
                      "var.private_dns_zone_id"
                    ]
                  },
                  "public_network_access_enabled": {
                    "references": [
                      "var.public_network_access_enabled"
                    ]
                  },
                  "resource_group_name": {
                    "references": [
                      "data.azurerm_resource_group.main.name",
                      "data.azurerm_resource_group.main"
                    ]
                  },
                  "role_based_access_control_enabled": {
                    "references": [
                      "var.role_based_access_control_enabled"
                    ]
                  },
                  "sku_tier": {
                    "references": [
                      "var.sku_tier"
                    ]
                  },
                  "tags": {
                    "references": [
                      "var.tags",
                      "var.tracing_tags_enabled",
                      "var.tracing_tags_prefix",
                      "var.tracing_tags_enabled",
                      "var.tracing_tags_prefix"
                    ]
                  },
                  "workload_identity_enabled": {
                    "references": [
                      "var.workload_identity_enabled"
                    ]
                  }
                },
                "schema_version": 2
              },
              {
                "address": "azurerm_kubernetes_cluster_node_pool.node_pool",
                "mode": "managed",
                "type": "azurerm_kubernetes_cluster_node_pool",
                "name": "node_pool",
                "provider_config_key": "azurerm",
                "expressions": {
                  "capacity_reservation_group_id": {
                    "references": [
                      "each.value.capacity_reservation_group_id",
                      "each.value"
                    ]
                  },
                  "custom_ca_trust_enabled": {
                    "references": [
                      "each.value.custom_ca_trust_enabled",
                      "each.value"
                    ]
                  },
                  "enable_auto_scaling": {
                    "references": [
                      "each.value.enable_auto_scaling",
                      "each.value"
                    ]
                  },
                  "enable_host_encryption": {
                    "references": [
                      "each.value.enable_host_encryption",
                      "each.value"
                    ]
                  },
                  "enable_node_public_ip": {
                    "references": [
                      "each.value.enable_node_public_ip",
                      "each.value"
                    ]
                  },
                  "eviction_policy": {
                    "references": [
                      "each.value.eviction_policy",
                      "each.value"
                    ]
                  },
                  "fips_enabled": {
                    "references": [
                      "each.value.fips_enabled",
                      "each.value"
                    ]
                  },
                  "host_group_id": {
                    "references": [
                      "each.value.host_group_id",
                      "each.value"
                    ]
                  },
                  "kubelet_disk_type": {
                    "references": [
                      "each.value.kubelet_disk_type",
                      "each.value"
                    ]
                  },
                  "kubernetes_cluster_id": {
                    "references": [
                      "azurerm_kubernetes_cluster.main.id",
                      "azurerm_kubernetes_cluster.main"
                    ]
                  },
                  "max_count": {
                    "references": [
                      "each.value.max_count",
                      "each.value"
                    ]
                  },
                  "max_pods": {
                    "references": [
                      "each.value.max_pods",
                      "each.value"
                    ]
                  },
                  "message_of_the_day": {
                    "references": [
                      "each.value.message_of_the_day",
                      "each.value"
                    ]
                  },
                  "min_count": {
                    "references": [
                      "each.value.min_count",
                      "each.value"
                    ]
                  },
                  "mode": {
                    "references": [
                      "each.value.mode",
                      "each.value"
                    ]
                  },
                  "name": {
                    "references": [
                      "each.value.name",
                      "each.value",
                      "each.value"
                    ]
                  },
                  "node_count": {
                    "references": [
                      "each.value.node_count",
                      "each.value"
                    ]
                  },
                  "node_labels": {
                    "references": [
                      "each.value.node_labels",
                      "each.value"
                    ]
                  },
                  "node_public_ip_prefix_id": {
                    "references": [
                      "each.value.node_public_ip_prefix_id",
                      "each.value"
                    ]
                  },
                  "node_taints": {
                    "references": [
                      "each.value.node_taints",
                      "each.value"
                    ]
                  },
                  "orchestrator_version": {
                    "references": [
                      "each.value.orchestrator_version",
                      "each.value"
                    ]
                  },
                  "os_disk_size_gb": {
                    "references": [
                      "each.value.os_disk_size_gb",
                      "each.value"
                    ]
                  },
                  "os_disk_type": {
                    "references": [
                      "each.value.os_disk_type",
                      "each.value"
                    ]
                  },
                  "os_sku": {
                    "references": [
                      "each.value.os_sku",
                      "each.value"
                    ]
                  },
                  "os_type": {
                    "references": [
                      "each.value.os_type",
                      "each.value"
                    ]
                  },
                  "pod_subnet_id": {
                    "references": [
                      "each.value.pod_subnet_id",
                      "each.value"
                    ]
                  },
                  "priority": {
                    "references": [
                      "each.value.priority",
                      "each.value"
                    ]
                  },
                  "proximity_placement_group_id": {
                    "references": [
                      "each.value.proximity_placement_group_id",
                      "each.value"
                    ]
                  },
                  "scale_down_mode": {
                    "references": [
                      "each.value.scale_down_mode",
                      "each.value"
                    ]
                  },
                  "spot_max_price": {
                    "references": [
                      "each.value.spot_max_price",
                      "each.value"
                    ]
                  },
                  "tags": {
                    "references": [
                      "each.value.tags",
                      "each.value",
                      "var.tracing_tags_enabled",
                      "var.tracing_tags_prefix",
                      "var.tracing_tags_enabled",
                      "var.tracing_tags_prefix"
                    ]
                  },
                  "ultra_ssd_enabled": {
                    "references": [
                      "each.value.ultra_ssd_enabled",
                      "each.value"
                    ]
                  },
                  "vm_size": {
                    "references": [
                      "each.value.vm_size",
                      "each.value"
                    ]
                  },
                  "vnet_subnet_id": {
                    "references": [
                      "each.value.vnet_subnet_id",
                      "each.value"
                    ]
                  },
                  "workload_runtime": {
                    "references": [
                      "each.value.workload_runtime",
                      "each.value"
                    ]
                  },
                  "zones": {
                    "references": [
                      "each.value.zones",
                      "each.value"
                    ]
                  }
                },
                "schema_version": 1,
                "for_each_expression": {
                  "references": [
                    "var.node_pools"
                  ]
                },
                "depends_on": [
                  "azapi_update_resource.aks_cluster_post_create"
                ]
              },
              {
                "address": "azurerm_log_analytics_solution.main",
                "mode": "managed",
                "type": "azurerm_log_analytics_solution",
                "name": "main",
                "provider_config_key": "azurerm",
                "expressions": {
                  "location": {
                    "references": [
                      "data.azurerm_log_analytics_workspace.main[0].location",
                      "data.azurerm_log_analytics_workspace.main[0]",
                      "data.azurerm_log_analytics_workspace.main"
                    ]
                  },
                  "plan": [
                    {
                      "product": {
                        "constant_value": "OMSGallery/ContainerInsights"
                      },
                      "publisher": {
                        "constant_value": "Microsoft"
                      }
                    }
                  ],
                  "resource_group_name": {
                    "references": [
                      "data.azurerm_log_analytics_workspace.main[0].resource_group_name",
                      "data.azurerm_log_analytics_workspace.main[0]",
                      "data.azurerm_log_analytics_workspace.main"
                    ]
                  },
                  "solution_name": {
                    "constant_value": "ContainerInsights"
                  },
                  "tags": {
                    "references": [
                      "var.tags",
                      "var.tracing_tags_enabled",
                      "var.tracing_tags_prefix",
                      "var.tracing_tags_enabled",
                      "var.tracing_tags_prefix"
                    ]
                  },
                  "workspace_name": {
                    "references": [
                      "local.log_analytics_workspace.name",
                      "local.log_analytics_workspace"
                    ]
                  },
                  "workspace_resource_id": {
                    "references": [
                      "local.log_analytics_workspace.id",
                      "local.log_analytics_workspace"
                    ]
                  }
                },
                "schema_version": 1,
                "count_expression": {
                  "references": [
                    "local.create_analytics_solution"
                  ]
                }
              },
              {
                "address": "azurerm_log_analytics_workspace.main",
                "mode": "managed",
                "type": "azurerm_log_analytics_workspace",
                "name": "main",
                "provider_config_key": "azurerm",
                "expressions": {
                  "location": {
                    "references": [
                      "var.location",
                      "data.azurerm_resource_group.main.location",
                      "data.azurerm_resource_group.main"
                    ]
                  },
                  "name": {
                    "references": [
                      "var.cluster_log_analytics_workspace_name",
                      "var.prefix"
                    ]
                  },
                  "resource_group_name": {
                    "references": [
                      "var.log_analytics_workspace_resource_group_name",
                      "var.resource_group_name"
                    ]
                  },
                  "retention_in_days": {
                    "references": [
                      "var.log_retention_in_days"
                    ]
                  },
                  "sku": {
                    "references": [
                      "var.log_analytics_workspace_sku"
                    ]
                  },
                  "tags": {
                    "references": [
                      "var.tags",
                      "var.tracing_tags_enabled",
                      "var.tracing_tags_prefix",
                      "var.tracing_tags_enabled",
                      "var.tracing_tags_prefix"
                    ]
                  }
                },
                "schema_version": 3,
                "count_expression": {
                  "references": [
                    "local.create_analytics_workspace"
                  ]
                }
              },
              {
                "address": "azurerm_role_assignment.acr",
                "mode": "managed",
                "type": "azurerm_role_assignment",
                "name": "acr",
                "provider_config_key": "azurerm",
                "expressions": {
                  "principal_id": {
                    "references": [
                      "azurerm_kubernetes_cluster.main.kubelet_identity[0].object_id",
                      "azurerm_kubernetes_cluster.main.kubelet_identity[0]",
                      "azurerm_kubernetes_cluster.main.kubelet_identity",
                      "azurerm_kubernetes_cluster.main"
                    ]
                  },
                  "role_definition_name": {
                    "constant_value": "AcrPull"
                  },
                  "scope": {
                    "references": [
                      "each.value"
                    ]
                  },
                  "skip_service_principal_aad_check": {
                    "constant_value": true
                  }
                },
                "schema_version": 0,
                "for_each_expression": {
                  "references": [
                    "var.attached_acr_id_map"
                  ]
                }
              },
              {
                "address": "azurerm_role_assignment.network_contributor",
                "mode": "managed",
                "type": "azurerm_role_assignment",
                "name": "network_contributor",
                "provider_config_key": "azurerm",
                "expressions": {
                  "principal_id": {
                    "references": [
                      "azurerm_kubernetes_cluster.main.identity[0].principal_id",
                      "azurerm_kubernetes_cluster.main.identity[0]",
                      "azurerm_kubernetes_cluster.main.identity",
                      "azurerm_kubernetes_cluster.main"
                    ]
                  },
                  "role_definition_name": {
                    "constant_value": "Network Contributor"
                  },
                  "scope": {
                    "references": [
                      "each.value"
                    ]
                  }
                },
                "schema_version": 0,
                "for_each_expression": {
                  "references": [
                    "var.create_role_assignment_network_contributor",
                    "local.subnet_ids"
                  ]
                }
              },
              {
                "address": "null_resource.kubernetes_version_keeper",
                "mode": "managed",
                "type": "null_resource",
                "name": "kubernetes_version_keeper",
                "provider_config_key": "module.aks:null",
                "expressions": {
                  "triggers": {
                    "references": [
                      "var.kubernetes_version"
                    ]
                  }
                },
                "schema_version": 0
              },
              {
                "address": "null_resource.pool_name_keeper",
                "mode": "managed",
                "type": "null_resource",
                "name": "pool_name_keeper",
                "provider_config_key": "module.aks:null",
                "expressions": {
                  "triggers": {
                    "references": [
                      "each.value.name",
                      "each.value"
                    ]
                  }
                },
                "schema_version": 0,
                "for_each_expression": {
                  "references": [
                    "var.node_pools"
                  ]
                }
              },
              {
                "address": "tls_private_key.ssh",
                "mode": "managed",
                "type": "tls_private_key",
                "name": "ssh",
                "provider_config_key": "module.aks:tls",
                "expressions": {
                  "algorithm": {
                    "constant_value": "RSA"
                  },
                  "rsa_bits": {
                    "constant_value": 2048
                  }
                },
                "schema_version": 1,
                "count_expression": {
                  "references": [
                    "var.admin_username"
                  ]
                }
              },
              {
                "address": "data.azurerm_log_analytics_workspace.main",
                "mode": "data",
                "type": "azurerm_log_analytics_workspace",
                "name": "main",
                "provider_config_key": "azurerm",
                "expressions": {
                  "name": {
                    "references": [
                      "local.log_analytics_workspace.name",
                      "local.log_analytics_workspace"
                    ]
                  },
                  "resource_group_name": {
                    "references": [
                      "local.log_analytics_workspace.id",
                      "local.log_analytics_workspace"
                    ]
                  }
                },
                "schema_version": 0,
                "count_expression": {
                  "references": [
                    "local.log_analytics_workspace"
                  ]
                }
              },
              {
                "address": "data.azurerm_resource_group.main",
                "mode": "data",
                "type": "azurerm_resource_group",
                "name": "main",
                "provider_config_key": "azurerm",
                "expressions": {
                  "name": {
                    "references": [
                      "var.resource_group_name"
                    ]
                  }
                },
                "schema_version": 0
              }
            ],
            "variables": {
              "aci_connector_linux_enabled": {
                "default": false,
                "description": "Enable Virtual Node pool"
              },
              "aci_connector_linux_subnet_name": {
                "default": null,
                "description": "(Optional) aci_connector_linux subnet name"
              },
              "admin_username": {
                "default": null,
                "description": "The username of the local administrator to be created on the Kubernetes cluster. Set this variable to `null` to turn off the cluster's `linux_profile`. Changing this forces a new resource to be created."
              },
              "agents_availability_zones": {
                "default": null,
                "description": "(Optional) A list of Availability Zones across which the Node Pool should be spread. Changing this forces a new resource to be created."
              },
              "agents_count": {
                "default": 2,
                "description": "The number of Agents that should exist in the Agent Pool. Please set `agents_count` `null` while `enable_auto_scaling` is `true` to avoid possible `agents_count` changes."
              },
              "agents_labels": {
                "default": {},
                "description": "(Optional) A map of Kubernetes labels which should be applied to nodes in the Default Node Pool. Changing this forces a new resource to be created."
              },
              "agents_max_count": {
                "default": null,
                "description": "Maximum number of nodes in a pool"
              },
              "agents_max_pods": {
                "default": null,
                "description": "(Optional) The maximum number of pods that can run on each agent. Changing this forces a new resource to be created."
              },
              "agents_min_count": {
                "default": null,
                "description": "Minimum number of nodes in a pool"
              },
              "agents_pool_kubelet_configs": {
                "default": [],
                "description": "  list(object({\n    cpu_manager_policy        = (Optional) Specifies the CPU Manager policy to use. Possible values are `none` and `static`, Changing this forces a new resource to be created.\n    cpu_cfs_quota_enabled     = (Optional) Is CPU CFS quota enforcement for containers enabled? Changing this forces a new resource to be created.\n    cpu_cfs_quota_period      = (Optional) Specifies the CPU CFS quota period value. Changing this forces a new resource to be created.\n    image_gc_high_threshold   = (Optional) Specifies the percent of disk usage above which image garbage collection is always run. Must be between `0` and `100`. Changing this forces a new resource to be created.\n    image_gc_low_threshold    = (Optional) Specifies the percent of disk usage lower than which image garbage collection is never run. Must be between `0` and `100`. Changing this forces a new resource to be created.\n    topology_manager_policy   = (Optional) Specifies the Topology Manager policy to use. Possible values are `none`, `best-effort`, `restricted` or `single-numa-node`. Changing this forces a new resource to be created.\n    allowed_unsafe_sysctls    = (Optional) Specifies the allow list of unsafe sysctls command or patterns (ending in `*`). Changing this forces a new resource to be created.\n    container_log_max_size_mb = (Optional) Specifies the maximum size (e.g. 10MB) of container log file before it is rotated. Changing this forces a new resource to be created.\n    container_log_max_line    = (Optional) Specifies the maximum number of container log files that can be present for a container. must be at least 2. Changing this forces a new resource to be created.\n    pod_max_pid               = (Optional) Specifies the maximum number of processes per pod. Changing this forces a new resource to be created.\n}))\n"
              },
              "agents_pool_linux_os_configs": {
                "default": [],
                "description": "list(object({\n  sysctl_configs = optional(list(object({\n    fs_aio_max_nr                      = (Optional) The sysctl setting fs.aio-max-nr. Must be between `65536` and `6553500`. Changing this forces a new resource to be created.\n    fs_file_max                        = (Optional) The sysctl setting fs.file-max. Must be between `8192` and `12000500`. Changing this forces a new resource to be created.\n    fs_inotify_max_user_watches        = (Optional) The sysctl setting fs.inotify.max_user_watches. Must be between `781250` and `2097152`. Changing this forces a new resource to be created.\n    fs_nr_open                         = (Optional) The sysctl setting fs.nr_open. Must be between `8192` and `20000500`. Changing this forces a new resource to be created.\n    kernel_threads_max                 = (Optional) The sysctl setting kernel.threads-max. Must be between `20` and `513785`. Changing this forces a new resource to be created.\n    net_core_netdev_max_backlog        = (Optional) The sysctl setting net.core.netdev_max_backlog. Must be between `1000` and `3240000`. Changing this forces a new resource to be created.\n    net_core_optmem_max                = (Optional) The sysctl setting net.core.optmem_max. Must be between `20480` and `4194304`. Changing this forces a new resource to be created.\n    net_core_rmem_default              = (Optional) The sysctl setting net.core.rmem_default. Must be between `212992` and `134217728`. Changing this forces a new resource to be created.\n    net_core_rmem_max                  = (Optional) The sysctl setting net.core.rmem_max. Must be between `212992` and `134217728`. Changing this forces a new resource to be created.\n    net_core_somaxconn                 = (Optional) The sysctl setting net.core.somaxconn. Must be between `4096` and `3240000`. Changing this forces a new resource to be created.\n    net_core_wmem_default              = (Optional) The sysctl setting net.core.wmem_default. Must be between `212992` and `134217728`. Changing this forces a new resource to be created.\n    net_core_wmem_max                  = (Optional) The sysctl setting net.core.wmem_max. Must be between `212992` and `134217728`. Changing this forces a new resource to be created.\n    net_ipv4_ip_local_port_range_min   = (Optional) The sysctl setting net.ipv4.ip_local_port_range max value. Must be between `1024` and `60999`. Changing this forces a new resource to be created.\n    net_ipv4_ip_local_port_range_max   = (Optional) The sysctl setting net.ipv4.ip_local_port_range min value. Must be between `1024` and `60999`. Changing this forces a new resource to be created.\n    net_ipv4_neigh_default_gc_thresh1  = (Optional) The sysctl setting net.ipv4.neigh.default.gc_thresh1. Must be between `128` and `80000`. Changing this forces a new resource to be created.\n    net_ipv4_neigh_default_gc_thresh2  = (Optional) The sysctl setting net.ipv4.neigh.default.gc_thresh2. Must be between `512` and `90000`. Changing this forces a new resource to be created.\n    net_ipv4_neigh_default_gc_thresh3  = (Optional) The sysctl setting net.ipv4.neigh.default.gc_thresh3. Must be between `1024` and `100000`. Changing this forces a new resource to be created.\n    net_ipv4_tcp_fin_timeout           = (Optional) The sysctl setting net.ipv4.tcp_fin_timeout. Must be between `5` and `120`. Changing this forces a new resource to be created.\n    net_ipv4_tcp_keepalive_intvl       = (Optional) The sysctl setting net.ipv4.tcp_keepalive_intvl. Must be between `10` and `75`. Changing this forces a new resource to be created.\n    net_ipv4_tcp_keepalive_probes      = (Optional) The sysctl setting net.ipv4.tcp_keepalive_probes. Must be between `1` and `15`. Changing this forces a new resource to be created.\n    net_ipv4_tcp_keepalive_time        = (Optional) The sysctl setting net.ipv4.tcp_keepalive_time. Must be between `30` and `432000`. Changing this forces a new resource to be created.\n    net_ipv4_tcp_max_syn_backlog       = (Optional) The sysctl setting net.ipv4.tcp_max_syn_backlog. Must be between `128` and `3240000`. Changing this forces a new resource to be created.\n    net_ipv4_tcp_max_tw_buckets        = (Optional) The sysctl setting net.ipv4.tcp_max_tw_buckets. Must be between `8000` and `1440000`. Changing this forces a new resource to be created.\n    net_ipv4_tcp_tw_reuse              = (Optional) The sysctl setting net.ipv4.tcp_tw_reuse. Changing this forces a new resource to be created.\n    net_netfilter_nf_conntrack_buckets = (Optional) The sysctl setting net.netfilter.nf_conntrack_buckets. Must be between `65536` and `147456`. Changing this forces a new resource to be created.\n    net_netfilter_nf_conntrack_max     = (Optional) The sysctl setting net.netfilter.nf_conntrack_max. Must be between `131072` and `1048576`. Changing this forces a new resource to be created.\n    vm_max_map_count                   = (Optional) The sysctl setting vm.max_map_count. Must be between `65530` and `262144`. Changing this forces a new resource to be created.\n    vm_swappiness                      = (Optional) The sysctl setting vm.swappiness. Must be between `0` and `100`. Changing this forces a new resource to be created.\n    vm_vfs_cache_pressure              = (Optional) The sysctl setting vm.vfs_cache_pressure. Must be between `0` and `100`. Changing this forces a new resource to be created.\n  })), [])\n  transparent_huge_page_enabled = (Optional) Specifies the Transparent Huge Page enabled configuration. Possible values are `always`, `madvise` and `never`. Changing this forces a new resource to be created.\n  transparent_huge_page_defrag  = (Optional) specifies the defrag configuration for Transparent Huge Page. Possible values are `always`, `defer`, `defer+madvise`, `madvise` and `never`. Changing this forces a new resource to be created.\n  swap_file_size_mb             = (Optional) Specifies the size of the swap file on each node in MB. Changing this forces a new resource to be created.\n}))\n"
              },
              "agents_pool_name": {
                "default": "nodepool",
                "description": "The default Azure AKS agentpool (nodepool) name."
              },
              "agents_size": {
                "default": "Standard_D2s_v3",
                "description": "The default virtual machine size for the Kubernetes agents. Changing this without specifying `var.temporary_name_for_rotation` forces a new resource to be created."
              },
              "agents_tags": {
                "default": {},
                "description": "(Optional) A mapping of tags to assign to the Node Pool."
              },
              "agents_taints": {
                "default": null,
                "description": "(Optional) A list of the taints added to new nodes during node pool create and scale. Changing this forces a new resource to be created."
              },
              "agents_type": {
                "default": "VirtualMachineScaleSets",
                "description": "(Optional) The type of Node Pool which should be created. Possible values are AvailabilitySet and VirtualMachineScaleSets. Defaults to VirtualMachineScaleSets."
              },
              "api_server_authorized_ip_ranges": {
                "default": null,
                "description": "(Optional) The IP ranges to allow for incoming traffic to the server nodes."
              },
              "api_server_subnet_id": {
                "default": null,
                "description": "(Optional) The ID of the Subnet where the API server endpoint is delegated to."
              },
              "attached_acr_id_map": {
                "default": {},
                "description": "Azure Container Registry ids that need an authentication mechanism with Azure Kubernetes Service (AKS). Map key must be static string as acr's name, the value is acr's resource id. Changing this forces some new resources to be created."
              },
              "auto_scaler_profile_balance_similar_node_groups": {
                "default": false,
                "description": "Detect similar node groups and balance the number of nodes between them. Defaults to `false`."
              },
              "auto_scaler_profile_empty_bulk_delete_max": {
                "default": 10,
                "description": "Maximum number of empty nodes that can be deleted at the same time. Defaults to `10`."
              },
              "auto_scaler_profile_enabled": {
                "default": false,
                "description": "Enable configuring the auto scaler profile"
              },
              "auto_scaler_profile_expander": {
                "default": "random",
                "description": "Expander to use. Possible values are `least-waste`, `priority`, `most-pods` and `random`. Defaults to `random`."
              },
              "auto_scaler_profile_max_graceful_termination_sec": {
                "default": "600",
                "description": "Maximum number of seconds the cluster autoscaler waits for pod termination when trying to scale down a node. Defaults to `600`."
              },
              "auto_scaler_profile_max_node_provisioning_time": {
                "default": "15m",
                "description": "Maximum time the autoscaler waits for a node to be provisioned. Defaults to `15m`."
              },
              "auto_scaler_profile_max_unready_nodes": {
                "default": 3,
                "description": "Maximum Number of allowed unready nodes. Defaults to `3`."
              },
              "auto_scaler_profile_max_unready_percentage": {
                "default": 45,
                "description": "Maximum percentage of unready nodes the cluster autoscaler will stop if the percentage is exceeded. Defaults to `45`."
              },
              "auto_scaler_profile_new_pod_scale_up_delay": {
                "default": "10s",
                "description": "For scenarios like burst/batch scale where you don't want CA to act before the kubernetes scheduler could schedule all the pods, you can tell CA to ignore unscheduled pods before they're a certain age. Defaults to `10s`."
              },
              "auto_scaler_profile_scale_down_delay_after_add": {
                "default": "10m",
                "description": "How long after the scale up of AKS nodes the scale down evaluation resumes. Defaults to `10m`."
              },
              "auto_scaler_profile_scale_down_delay_after_delete": {
                "default": null,
                "description": "How long after node deletion that scale down evaluation resumes. Defaults to the value used for `scan_interval`."
              },
              "auto_scaler_profile_scale_down_delay_after_failure": {
                "default": "3m",
                "description": "How long after scale down failure that scale down evaluation resumes. Defaults to `3m`."
              },
              "auto_scaler_profile_scale_down_unneeded": {
                "default": "10m",
                "description": "How long a node should be unneeded before it is eligible for scale down. Defaults to `10m`."
              },
              "auto_scaler_profile_scale_down_unready": {
                "default": "20m",
                "description": "How long an unready node should be unneeded before it is eligible for scale down. Defaults to `20m`."
              },
              "auto_scaler_profile_scale_down_utilization_threshold": {
                "default": "0.5",
                "description": "Node utilization level, defined as sum of requested resources divided by capacity, below which a node can be considered for scale down. Defaults to `0.5`."
              },
              "auto_scaler_profile_scan_interval": {
                "default": "10s",
                "description": "How often the AKS Cluster should be re-evaluated for scale up/down. Defaults to `10s`."
              },
              "auto_scaler_profile_skip_nodes_with_local_storage": {
                "default": true,
                "description": "If `true` cluster autoscaler will never delete nodes with pods with local storage, for example, EmptyDir or HostPath. Defaults to `true`."
              },
              "auto_scaler_profile_skip_nodes_with_system_pods": {
                "default": true,
                "description": "If `true` cluster autoscaler will never delete nodes with pods from kube-system (except for DaemonSet or mirror pods). Defaults to `true`."
              },
              "automatic_channel_upgrade": {
                "default": null,
                "description": "(Optional) The upgrade channel for this Kubernetes Cluster. Possible values are `patch`, `rapid`, `node-image` and `stable`. By default automatic-upgrades are turned off. Note that you cannot specify the patch version using `kubernetes_version` or `orchestrator_version` when using the `patch` upgrade channel. See [the documentation](https://learn.microsoft.com/en-us/azure/aks/auto-upgrade-cluster) for more information"
              },
              "azure_policy_enabled": {
                "default": false,
                "description": "Enable Azure Policy Addon."
              },
              "client_id": {
                "default": "",
                "description": "(Optional) The Client ID (appId) for the Service Principal used for the AKS deployment"
              },
              "client_secret": {
                "default": "",
                "description": "(Optional) The Client Secret (password) for the Service Principal used for the AKS deployment"
              },
              "cluster_log_analytics_workspace_name": {
                "default": null,
                "description": "(Optional) The name of the Analytics workspace"
              },
              "cluster_name": {
                "default": null,
                "description": "(Optional) The name for the AKS resources created in the specified Azure Resource Group. This variable overwrites the 'prefix' var (The 'prefix' var will still be applied to the dns_prefix if it is set)"
              },
              "create_role_assignment_network_contributor": {
                "default": false,
                "description": "Create a role assignment for the AKS Service Principal to be a Network Contributor on the subnets used for the AKS Cluster"
              },
              "disk_encryption_set_id": {
                "default": null,
                "description": "(Optional) The ID of the Disk Encryption Set which should be used for the Nodes and Volumes. More information [can be found in the documentation](https://docs.microsoft.com/azure/aks/azure-disk-customer-managed-keys). Changing this forces a new resource to be created."
              },
              "enable_auto_scaling": {
                "default": false,
                "description": "Enable node pool autoscaling"
              },
              "enable_host_encryption": {
                "default": false,
                "description": "Enable Host Encryption for default node pool. Encryption at host feature must be enabled on the subscription: https://docs.microsoft.com/azure/virtual-machines/linux/disks-enable-host-based-encryption-cli"
              },
              "enable_node_public_ip": {
                "default": false,
                "description": "(Optional) Should nodes in this Node Pool have a Public IP Address? Defaults to false."
              },
              "http_application_routing_enabled": {
                "default": false,
                "description": "Enable HTTP Application Routing Addon (forces recreation)."
              },
              "identity_ids": {
                "default": null,
                "description": "(Optional) Specifies a list of User Assigned Managed Identity IDs to be assigned to this Kubernetes Cluster."
              },
              "identity_type": {
                "default": "SystemAssigned",
                "description": "(Optional) The type of identity used for the managed cluster. Conflicts with `client_id` and `client_secret`. Possible values are `SystemAssigned` and `UserAssigned`. If `UserAssigned` is set, an `identity_ids` must be set as well."
              },
              "ingress_application_gateway_enabled": {
                "default": false,
                "description": "Whether to deploy the Application Gateway ingress controller to this Kubernetes Cluster?"
              },
              "ingress_application_gateway_id": {
                "default": null,
                "description": "The ID of the Application Gateway to integrate with the ingress controller of this Kubernetes Cluster."
              },
              "ingress_application_gateway_name": {
                "default": null,
                "description": "The name of the Application Gateway to be used or created in the Nodepool Resource Group, which in turn will be integrated with the ingress controller of this Kubernetes Cluster."
              },
              "ingress_application_gateway_subnet_cidr": {
                "default": null,
                "description": "The subnet CIDR to be used to create an Application Gateway, which in turn will be integrated with the ingress controller of this Kubernetes Cluster."
              },
              "ingress_application_gateway_subnet_id": {
                "default": null,
                "description": "The ID of the subnet on which to create an Application Gateway, which in turn will be integrated with the ingress controller of this Kubernetes Cluster."
              },
              "key_vault_secrets_provider_enabled": {
                "default": false,
                "description": "(Optional) Whether to use the Azure Key Vault Provider for Secrets Store CSI Driver in an AKS cluster. For more details: https://docs.microsoft.com/en-us/azure/aks/csi-secrets-store-driver"
              },
              "kms_enabled": {
                "default": false,
                "description": "(Optional) Enable Azure KeyVault Key Management Service."
              },
              "kms_key_vault_key_id": {
                "default": null,
                "description": "(Optional) Identifier of Azure Key Vault key. When Azure Key Vault key management service is enabled, this field is required and must be a valid key identifier."
              },
              "kms_key_vault_network_access": {
                "default": "Public",
                "description": "(Optional) Network Access of Azure Key Vault. Possible values are: `Private` and `Public`."
              },
              "kubernetes_version": {
                "default": null,
                "description": "Specify which Kubernetes release to use. The default used is the latest Kubernetes version available in the region"
              },
              "load_balancer_profile_enabled": {
                "default": false,
                "description": "(Optional) Enable a load_balancer_profile block. This can only be used when load_balancer_sku is set to `standard`."
              },
              "load_balancer_profile_idle_timeout_in_minutes": {
                "default": 30,
                "description": "(Optional) Desired outbound flow idle timeout in minutes for the cluster load balancer. Must be between `4` and `120` inclusive."
              },
              "load_balancer_profile_managed_outbound_ip_count": {
                "default": null,
                "description": "(Optional) Count of desired managed outbound IPs for the cluster load balancer. Must be between `1` and `100` inclusive"
              },
              "load_balancer_profile_managed_outbound_ipv6_count": {
                "default": null,
                "description": "(Optional) The desired number of IPv6 outbound IPs created and managed by Azure for the cluster load balancer. Must be in the range of `1` to `100` (inclusive). The default value is `0` for single-stack and `1` for dual-stack. Note: managed_outbound_ipv6_count requires dual-stack networking. To enable dual-stack networking the Preview Feature Microsoft.ContainerService/AKS-EnableDualStack needs to be enabled and the Resource Provider re-registered, see the documentation for more information. https://learn.microsoft.com/en-us/azure/aks/configure-kubenet-dual-stack?tabs=azure-cli%2Ckubectl#register-the-aks-enabledualstack-preview-feature"
              },
              "load_balancer_profile_outbound_ip_address_ids": {
                "default": null,
                "description": "(Optional) The ID of the Public IP Addresses which should be used for outbound communication for the cluster load balancer."
              },
              "load_balancer_profile_outbound_ip_prefix_ids": {
                "default": null,
                "description": "(Optional) The ID of the outbound Public IP Address Prefixes which should be used for the cluster load balancer."
              },
              "load_balancer_profile_outbound_ports_allocated": {
                "default": 0,
                "description": "(Optional) Number of desired SNAT port for each VM in the clusters load balancer. Must be between `0` and `64000` inclusive. Defaults to `0`"
              },
              "load_balancer_sku": {
                "default": "standard",
                "description": "(Optional) Specifies the SKU of the Load Balancer used for this Kubernetes Cluster. Possible values are `basic` and `standard`. Defaults to `standard`. Changing this forces a new kubernetes cluster to be created."
              },
              "local_account_disabled": {
                "default": null,
                "description": "(Optional) - If `true` local accounts will be disabled. Defaults to `false`. See [the documentation](https://docs.microsoft.com/azure/aks/managed-aad#disable-local-accounts) for more information."
              },
              "location": {
                "default": null,
                "description": "Location of cluster, if not defined it will be read from the resource-group"
              },
              "log_analytics_solution": {
                "default": null,
                "description": "(Optional) Object which contains existing azurerm_log_analytics_solution ID. Providing ID disables creation of azurerm_log_analytics_solution."
              },
              "log_analytics_workspace": {
                "default": null,
                "description": "(Optional) Existing azurerm_log_analytics_workspace to attach azurerm_log_analytics_solution. Providing the config disables creation of azurerm_log_analytics_workspace."
              },
              "log_analytics_workspace_enabled": {
                "default": true,
                "description": "Enable the integration of azurerm_log_analytics_workspace and azurerm_log_analytics_solution: https://docs.microsoft.com/en-us/azure/azure-monitor/containers/container-insights-onboard"
              },
              "log_analytics_workspace_resource_group_name": {
                "default": null,
                "description": "(Optional) Resource group name to create azurerm_log_analytics_solution."
              },
              "log_analytics_workspace_sku": {
                "default": "PerGB2018",
                "description": "The SKU (pricing level) of the Log Analytics workspace. For new subscriptions the SKU should be set to PerGB2018"
              },
              "log_retention_in_days": {
                "default": 30,
                "description": "The retention period for the logs in days"
              },
              "maintenance_window": {
                "default": null,
                "description": "(Optional) Maintenance configuration of the managed cluster."
              },
              "microsoft_defender_enabled": {
                "default": false,
                "description": "(Optional) Is Microsoft Defender on the cluster enabled? Requires `var.log_analytics_workspace_enabled` to be `true` to set this variable to `true`."
              },
              "monitor_metrics": {
                "default": null,
                "description": "(Optional) Specifies a Prometheus add-on profile for the Kubernetes Cluster\nobject({\n  annotations_allowed = \"(Optional) Specifies a comma-separated list of Kubernetes annotation keys that will be used in the resource's labels metric.\"\n  labels_allowed      = \"(Optional) Specifies a Comma-separated list of additional Kubernetes label keys that will be used in the resource's labels metric.\"\n})\n"
              },
              "net_profile_dns_service_ip": {
                "default": null,
                "description": "(Optional) IP address within the Kubernetes service address range that will be used by cluster service discovery (kube-dns). Changing this forces a new resource to be created."
              },
              "net_profile_outbound_type": {
                "default": "loadBalancer",
                "description": "(Optional) The outbound (egress) routing method which should be used for this Kubernetes Cluster. Possible values are loadBalancer and userDefinedRouting. Defaults to loadBalancer."
              },
              "net_profile_pod_cidr": {
                "default": null,
                "description": " (Optional) The CIDR to use for pod IP addresses. This field can only be set when network_plugin is set to kubenet. Changing this forces a new resource to be created."
              },
              "net_profile_service_cidr": {
                "default": null,
                "description": "(Optional) The Network Range used by the Kubernetes service. Changing this forces a new resource to be created."
              },
              "network_plugin": {
                "default": "kubenet",
                "description": "Network plugin to use for networking."
              },
              "network_plugin_mode": {
                "default": null,
                "description": "(Optional) Specifies the network plugin mode used for building the Kubernetes network. Possible value is `Overlay`. Changing this forces a new resource to be created."
              },
              "network_policy": {
                "default": null,
                "description": " (Optional) Sets up network policy to be used with Azure CNI. Network policy allows us to control the traffic flow between pods. Currently supported values are calico and azure. Changing this forces a new resource to be created."
              },
              "node_pools": {
                "default": {},
                "description": "A map of node pools that about to be created and attached on the Kubernetes cluster. The key of the map can be the name of the node pool, and the key must be static string. The value of the map is a `node_pool` block as defined below:\nmap(object({\n  name                          = (Required) The name of the Node Pool which should be created within the Kubernetes Cluster. Changing this forces a new resource to be created. A Windows Node Pool cannot have a `name` longer than 6 characters. A random suffix of 4 characters is always added to the name to avoid clashes during recreates.\n  node_count                    = (Optional) The initial number of nodes which should exist within this Node Pool. Valid values are between `0` and `1000` (inclusive) for user pools and between `1` and `1000` (inclusive) for system pools and must be a value in the range `min_count` - `max_count`.\n  tags                          = (Optional) A mapping of tags to assign to the resource. At this time there's a bug in the AKS API where Tags for a Node Pool are not stored in the correct case - you [may wish to use Terraform's `ignore_changes` functionality to ignore changes to the casing](https://www.terraform.io/language/meta-arguments/lifecycle#ignore_changess) until this is fixed in the AKS API.\n  vm_size                       = (Required) The SKU which should be used for the Virtual Machines used in this Node Pool. Changing this forces a new resource to be created.\n  host_group_id                 = (Optional) The fully qualified resource ID of the Dedicated Host Group to provision virtual machines from. Changing this forces a new resource to be created.\n  capacity_reservation_group_id = (Optional) Specifies the ID of the Capacity Reservation Group where this Node Pool should exist. Changing this forces a new resource to be created.\n  custom_ca_trust_enabled       = (Optional) Specifies whether to trust a Custom CA. This requires that the Preview Feature `Microsoft.ContainerService/CustomCATrustPreview` is enabled and the Resource Provider is re-registered, see [the documentation](https://learn.microsoft.com/en-us/azure/aks/custom-certificate-authority) for more information.\n  enable_auto_scaling           = (Optional) Whether to enable [auto-scaler](https://docs.microsoft.com/azure/aks/cluster-autoscaler).\n  enable_host_encryption        = (Optional) Should the nodes in this Node Pool have host encryption enabled? Changing this forces a new resource to be created.\n  enable_node_public_ip         = (Optional) Should each node have a Public IP Address? Changing this forces a new resource to be created.\n  eviction_policy               = (Optional) The Eviction Policy which should be used for Virtual Machines within the Virtual Machine Scale Set powering this Node Pool. Possible values are `Deallocate` and `Delete`. Changing this forces a new resource to be created. An Eviction Policy can only be configured when `priority` is set to `Spot` and will default to `Delete` unless otherwise specified.\n  kubelet_config = optional(object({\n    cpu_manager_policy        = (Optional) Specifies the CPU Manager policy to use. Possible values are `none` and `static`, Changing this forces a new resource to be created.\n    cpu_cfs_quota_enabled     = (Optional) Is CPU CFS quota enforcement for containers enabled? Changing this forces a new resource to be created.\n    cpu_cfs_quota_period      = (Optional) Specifies the CPU CFS quota period value. Changing this forces a new resource to be created.\n    image_gc_high_threshold   = (Optional) Specifies the percent of disk usage above which image garbage collection is always run. Must be between `0` and `100`. Changing this forces a new resource to be created.\n    image_gc_low_threshold    = (Optional) Specifies the percent of disk usage lower than which image garbage collection is never run. Must be between `0` and `100`. Changing this forces a new resource to be created.\n    topology_manager_policy   = (Optional) Specifies the Topology Manager policy to use. Possible values are `none`, `best-effort`, `restricted` or `single-numa-node`. Changing this forces a new resource to be created.\n    allowed_unsafe_sysctls    = (Optional) Specifies the allow list of unsafe sysctls command or patterns (ending in `*`). Changing this forces a new resource to be created.\n    container_log_max_size_mb = (Optional) Specifies the maximum size (e.g. 10MB) of container log file before it is rotated. Changing this forces a new resource to be created.\n    container_log_max_files   = (Optional) Specifies the maximum number of container log files that can be present for a container. must be at least 2. Changing this forces a new resource to be created.\n    pod_max_pid               = (Optional) Specifies the maximum number of processes per pod. Changing this forces a new resource to be created.\n  }))\n  linux_os_config = optional(object({\n    sysctl_config = optional(object({\n      fs_aio_max_nr                      = (Optional) The sysctl setting fs.aio-max-nr. Must be between `65536` and `6553500`. Changing this forces a new resource to be created.\n      fs_file_max                        = (Optional) The sysctl setting fs.file-max. Must be between `8192` and `12000500`. Changing this forces a new resource to be created.\n      fs_inotify_max_user_watches        = (Optional) The sysctl setting fs.inotify.max_user_watches. Must be between `781250` and `2097152`. Changing this forces a new resource to be created.\n      fs_nr_open                         = (Optional) The sysctl setting fs.nr_open. Must be between `8192` and `20000500`. Changing this forces a new resource to be created.\n      kernel_threads_max                 = (Optional) The sysctl setting kernel.threads-max. Must be between `20` and `513785`. Changing this forces a new resource to be created.\n      net_core_netdev_max_backlog        = (Optional) The sysctl setting net.core.netdev_max_backlog. Must be between `1000` and `3240000`. Changing this forces a new resource to be created.\n      net_core_optmem_max                = (Optional) The sysctl setting net.core.optmem_max. Must be between `20480` and `4194304`. Changing this forces a new resource to be created.\n      net_core_rmem_default              = (Optional) The sysctl setting net.core.rmem_default. Must be between `212992` and `134217728`. Changing this forces a new resource to be created.\n      net_core_rmem_max                  = (Optional) The sysctl setting net.core.rmem_max. Must be between `212992` and `134217728`. Changing this forces a new resource to be created.\n      net_core_somaxconn                 = (Optional) The sysctl setting net.core.somaxconn. Must be between `4096` and `3240000`. Changing this forces a new resource to be created.\n      net_core_wmem_default              = (Optional) The sysctl setting net.core.wmem_default. Must be between `212992` and `134217728`. Changing this forces a new resource to be created.\n      net_core_wmem_max                  = (Optional) The sysctl setting net.core.wmem_max. Must be between `212992` and `134217728`. Changing this forces a new resource to be created.\n      net_ipv4_ip_local_port_range_min   = (Optional) The sysctl setting net.ipv4.ip_local_port_range min value. Must be between `1024` and `60999`. Changing this forces a new resource to be created.\n      net_ipv4_ip_local_port_range_max   = (Optional) The sysctl setting net.ipv4.ip_local_port_range max value. Must be between `1024` and `60999`. Changing this forces a new resource to be created.\n      net_ipv4_neigh_default_gc_thresh1  = (Optional) The sysctl setting net.ipv4.neigh.default.gc_thresh1. Must be between `128` and `80000`. Changing this forces a new resource to be created.\n      net_ipv4_neigh_default_gc_thresh2  = (Optional) The sysctl setting net.ipv4.neigh.default.gc_thresh2. Must be between `512` and `90000`. Changing this forces a new resource to be created.\n      net_ipv4_neigh_default_gc_thresh3  = (Optional) The sysctl setting net.ipv4.neigh.default.gc_thresh3. Must be between `1024` and `100000`. Changing this forces a new resource to be created.\n      net_ipv4_tcp_fin_timeout           = (Optional) The sysctl setting net.ipv4.tcp_fin_timeout. Must be between `5` and `120`. Changing this forces a new resource to be created.\n      net_ipv4_tcp_keepalive_intvl       = (Optional) The sysctl setting net.ipv4.tcp_keepalive_intvl. Must be between `10` and `75`. Changing this forces a new resource to be created.\n      net_ipv4_tcp_keepalive_probes      = (Optional) The sysctl setting net.ipv4.tcp_keepalive_probes. Must be between `1` and `15`. Changing this forces a new resource to be created.\n      net_ipv4_tcp_keepalive_time        = (Optional) The sysctl setting net.ipv4.tcp_keepalive_time. Must be between `30` and `432000`. Changing this forces a new resource to be created.\n      net_ipv4_tcp_max_syn_backlog       = (Optional) The sysctl setting net.ipv4.tcp_max_syn_backlog. Must be between `128` and `3240000`. Changing this forces a new resource to be created.\n      net_ipv4_tcp_max_tw_buckets        = (Optional) The sysctl setting net.ipv4.tcp_max_tw_buckets. Must be between `8000` and `1440000`. Changing this forces a new resource to be created.\n      net_ipv4_tcp_tw_reuse              = (Optional) Is sysctl setting net.ipv4.tcp_tw_reuse enabled? Changing this forces a new resource to be created.\n      net_netfilter_nf_conntrack_buckets = (Optional) The sysctl setting net.netfilter.nf_conntrack_buckets. Must be between `65536` and `147456`. Changing this forces a new resource to be created.\n      net_netfilter_nf_conntrack_max     = (Optional) The sysctl setting net.netfilter.nf_conntrack_max. Must be between `131072` and `1048576`. Changing this forces a new resource to be created.\n      vm_max_map_count                   = (Optional) The sysctl setting vm.max_map_count. Must be between `65530` and `262144`. Changing this forces a new resource to be created.\n      vm_swappiness                      = (Optional) The sysctl setting vm.swappiness. Must be between `0` and `100`. Changing this forces a new resource to be created.\n      vm_vfs_cache_pressure              = (Optional) The sysctl setting vm.vfs_cache_pressure. Must be between `0` and `100`. Changing this forces a new resource to be created.\n    }))\n    transparent_huge_page_enabled = (Optional) Specifies the Transparent Huge Page enabled configuration. Possible values are `always`, `madvise` and `never`. Changing this forces a new resource to be created.\n    transparent_huge_page_defrag  = (Optional) specifies the defrag configuration for Transparent Huge Page. Possible values are `always`, `defer`, `defer+madvise`, `madvise` and `never`. Changing this forces a new resource to be created.\n    swap_file_size_mb             = (Optional) Specifies the size of swap file on each node in MB. Changing this forces a new resource to be created.\n  }))\n  fips_enabled       = (Optional) Should the nodes in this Node Pool have Federal Information Processing Standard enabled? Changing this forces a new resource to be created. FIPS support is in Public Preview - more information and details on how to opt into the Preview can be found in [this article](https://docs.microsoft.com/azure/aks/use-multiple-node-pools#add-a-fips-enabled-node-pool-preview).\n  kubelet_disk_type  = (Optional) The type of disk used by kubelet. Possible values are `OS` and `Temporary`.\n  max_count          = (Optional) The maximum number of nodes which should exist within this Node Pool. Valid values are between `0` and `1000` and must be greater than or equal to `min_count`.\n  max_pods           = (Optional) The minimum number of nodes which should exist within this Node Pool. Valid values are between `0` and `1000` and must be less than or equal to `max_count`.\n  message_of_the_day = (Optional) A base64-encoded string which will be written to /etc/motd after decoding. This allows customization of the message of the day for Linux nodes. It cannot be specified for Windows nodes and must be a static string (i.e. will be printed raw and not executed as a script). Changing this forces a new resource to be created.\n  mode               = (Optional) Should this Node Pool be used for System or User resources? Possible values are `System` and `User`. Defaults to `User`.\n  min_count          = (Optional) The minimum number of nodes which should exist within this Node Pool. Valid values are between `0` and `1000` and must be less than or equal to `max_count`.\n  node_network_profile = optional(object({\n    node_public_ip_tags = (Optional) Specifies a mapping of tags to the instance-level public IPs. Changing this forces a new resource to be created.\n  }))\n  node_labels                  = (Optional) A map of Kubernetes labels which should be applied to nodes in this Node Pool.\n  node_public_ip_prefix_id     = (Optional) Resource ID for the Public IP Addresses Prefix for the nodes in this Node Pool. `enable_node_public_ip` should be `true`. Changing this forces a new resource to be created.\n  node_taints                  = (Optional) A list of Kubernetes taints which should be applied to nodes in the agent pool (e.g `key=value:NoSchedule`). Changing this forces a new resource to be created.\n  orchestrator_version         = (Optional) Version of Kubernetes used for the Agents. If not specified, the latest recommended version will be used at provisioning time (but won't auto-upgrade). AKS does not require an exact patch version to be specified, minor version aliases such as `1.22` are also supported. - The minor version's latest GA patch is automatically chosen in that case. More details can be found in [the documentation](https://docs.microsoft.com/en-us/azure/aks/supported-kubernetes-versions?tabs=azure-cli#alias-minor-version). This version must be supported by the Kubernetes Cluster - as such the version of Kubernetes used on the Cluster/Control Plane may need to be upgraded first.\n  os_disk_size_gb              = (Optional) The Agent Operating System disk size in GB. Changing this forces a new resource to be created.\n  os_disk_type                 = (Optional) The type of disk which should be used for the Operating System. Possible values are `Ephemeral` and `Managed`. Defaults to `Managed`. Changing this forces a new resource to be created.\n  os_sku                       = (Optional) Specifies the OS SKU used by the agent pool. Possible values include: `Ubuntu`, `CBLMariner`, `Mariner`, `Windows2019`, `Windows2022`. If not specified, the default is `Ubuntu` if OSType=Linux or `Windows2019` if OSType=Windows. And the default Windows OSSKU will be changed to `Windows2022` after Windows2019 is deprecated. Changing this forces a new resource to be created.\n  os_type                      = (Optional) The Operating System which should be used for this Node Pool. Changing this forces a new resource to be created. Possible values are `Linux` and `Windows`. Defaults to `Linux`.\n  pod_subnet_id                = (Optional) The ID of the Subnet where the pods in the Node Pool should exist. Changing this forces a new resource to be created.\n  priority                     = (Optional) The Priority for Virtual Machines within the Virtual Machine Scale Set that powers this Node Pool. Possible values are `Regular` and `Spot`. Defaults to `Regular`. Changing this forces a new resource to be created.\n  proximity_placement_group_id = (Optional) The ID of the Proximity Placement Group where the Virtual Machine Scale Set that powers this Node Pool will be placed. Changing this forces a new resource to be created. When setting `priority` to Spot - you must configure an `eviction_policy`, `spot_max_price` and add the applicable `node_labels` and `node_taints` [as per the Azure Documentation](https://docs.microsoft.com/azure/aks/spot-node-pool).\n  spot_max_price               = (Optional) The maximum price you're willing to pay in USD per Virtual Machine. Valid values are `-1` (the current on-demand price for a Virtual Machine) or a positive value with up to five decimal places. Changing this forces a new resource to be created. This field can only be configured when `priority` is set to `Spot`.\n  scale_down_mode              = (Optional) Specifies how the node pool should deal with scaled-down nodes. Allowed values are `Delete` and `Deallocate`. Defaults to `Delete`.\n  ultra_ssd_enabled            = (Optional) Used to specify whether the UltraSSD is enabled in the Node Pool. Defaults to `false`. See [the documentation](https://docs.microsoft.com/azure/aks/use-ultra-disks) for more information. Changing this forces a new resource to be created.\n  vnet_subnet_id               = (Optional) The ID of the Subnet where this Node Pool should exist. Changing this forces a new resource to be created. A route table must be configured on this Subnet.\n  upgrade_settings = optional(object({\n    max_surge = number\n  }))\n  windows_profile = optional(object({\n    outbound_nat_enabled = optional(bool, true)\n  }))\n  workload_runtime = (Optional) Used to specify the workload runtime. Allowed values are `OCIContainer` and `WasmWasi`. WebAssembly System Interface node pools are in Public Preview - more information and details on how to opt into the preview can be found in [this article](https://docs.microsoft.com/azure/aks/use-wasi-node-pools)\n  zones            = (Optional) Specifies a list of Availability Zones in which this Kubernetes Cluster Node Pool should be located. Changing this forces a new Kubernetes Cluster Node Pool to be created.\n}))\n"
              },
              "node_resource_group": {
                "default": null,
                "description": "The auto-generated Resource Group which contains the resources for this Managed Kubernetes Cluster. Changing this forces a new resource to be created."
              },
              "oidc_issuer_enabled": {
                "default": false,
                "description": "Enable or Disable the OIDC issuer URL. Defaults to false."
              },
              "only_critical_addons_enabled": {
                "default": null,
                "description": "(Optional) Enabling this option will taint default node pool with `CriticalAddonsOnly=true:NoSchedule` taint. Changing this forces a new resource to be created."
              },
              "open_service_mesh_enabled": {
                "default": null,
                "description": "Is Open Service Mesh enabled? For more details, please visit [Open Service Mesh for AKS](https://docs.microsoft.com/azure/aks/open-service-mesh-about)."
              },
              "orchestrator_version": {
                "default": null,
                "description": "Specify which Kubernetes release to use for the orchestration layer. The default used is the latest Kubernetes version available in the region"
              },
              "os_disk_size_gb": {
                "default": 50,
                "description": "Disk size of nodes in GBs."
              },
              "os_disk_type": {
                "default": "Managed",
                "description": "The type of disk which should be used for the Operating System. Possible values are `Ephemeral` and `Managed`. Defaults to `Managed`. Changing this forces a new resource to be created."
              },
              "os_sku": {
                "default": null,
                "description": "(Optional) Specifies the OS SKU used by the agent pool. Possible values include: `Ubuntu`, `CBLMariner`, `Mariner`, `Windows2019`, `Windows2022`. If not specified, the default is `Ubuntu` if OSType=Linux or `Windows2019` if OSType=Windows. And the default Windows OSSKU will be changed to `Windows2022` after Windows2019 is deprecated. Changing this forces a new resource to be created."
              },
              "pod_subnet_id": {
                "default": null,
                "description": "(Optional) The ID of the Subnet where the pods in the default Node Pool should exist. Changing this forces a new resource to be created."
              },
              "prefix": {
                "default": "",
                "description": "(Optional) The prefix for the resources created in the specified Azure Resource Group. Omitting this variable requires both `var.cluster_log_analytics_workspace_name` and `var.cluster_name` have been set."
              },
              "private_cluster_enabled": {
                "default": false,
                "description": "If true cluster API server will be exposed only on internal IP address and available only in cluster vnet."
              },
              "private_cluster_public_fqdn_enabled": {
                "default": false,
                "description": "(Optional) Specifies whether a Public FQDN for this Private Cluster should be added. Defaults to `false`."
              },
              "private_dns_zone_id": {
                "default": null,
                "description": "(Optional) Either the ID of Private DNS Zone which should be delegated to this Cluster, `System` to have AKS manage this or `None`. In case of `None` you will need to bring your own DNS server and set up resolving, otherwise cluster will have issues after provisioning. Changing this forces a new resource to be created."
              },
              "public_network_access_enabled": {
                "default": true,
                "description": "(Optional) Whether public network access is allowed for this Kubernetes Cluster. Defaults to `true`. Changing this forces a new resource to be created."
              },
              "public_ssh_key": {
                "default": "",
                "description": "A custom ssh key to control access to the AKS cluster. Changing this forces a new resource to be created."
              },
              "rbac_aad": {
                "default": true,
                "description": "(Optional) Is Azure Active Directory integration enabled?"
              },
              "rbac_aad_admin_group_object_ids": {
                "default": null,
                "description": "Object ID of groups with admin access."
              },
              "rbac_aad_azure_rbac_enabled": {
                "default": null,
                "description": "(Optional) Is Role Based Access Control based on Azure AD enabled?"
              },
              "rbac_aad_client_app_id": {
                "default": null,
                "description": "The Client ID of an Azure Active Directory Application."
              },
              "rbac_aad_managed": {
                "default": false,
                "description": "Is the Azure Active Directory integration Managed, meaning that Azure will create/manage the Service Principal used for integration."
              },
              "rbac_aad_server_app_id": {
                "default": null,
                "description": "The Server ID of an Azure Active Directory Application."
              },
              "rbac_aad_server_app_secret": {
                "default": null,
                "description": "The Server Secret of an Azure Active Directory Application."
              },
              "rbac_aad_tenant_id": {
                "default": null,
                "description": "(Optional) The Tenant ID used for Azure Active Directory Application. If this isn't specified the Tenant ID of the current Subscription is used."
              },
              "resource_group_name": {
                "description": "The resource group name to be imported"
              },
              "role_based_access_control_enabled": {
                "default": false,
                "description": "Enable Role Based Access Control."
              },
              "scale_down_mode": {
                "default": "Delete",
                "description": "(Optional) Specifies the autoscaling behaviour of the Kubernetes Cluster. If not specified, it defaults to `Delete`. Possible values include `Delete` and `Deallocate`. Changing this forces a new resource to be created."
              },
              "secret_rotation_enabled": {
                "default": false,
                "description": "Is secret rotation enabled? This variable is only used when `key_vault_secrets_provider_enabled` is `true` and defaults to `false`"
              },
              "secret_rotation_interval": {
                "default": "2m",
                "description": "The interval to poll for secret rotation. This attribute is only set when `secret_rotation` is `true` and defaults to `2m`"
              },
              "sku_tier": {
                "default": "Free",
                "description": "The SKU Tier that should be used for this Kubernetes Cluster. Possible values are `Free` and `Standard`"
              },
              "storage_profile_blob_driver_enabled": {
                "default": false,
                "description": "(Optional) Is the Blob CSI driver enabled? Defaults to `false`"
              },
              "storage_profile_disk_driver_enabled": {
                "default": true,
                "description": "(Optional) Is the Disk CSI driver enabled? Defaults to `true`"
              },
              "storage_profile_disk_driver_version": {
                "default": "v1",
                "description": "(Optional) Disk CSI Driver version to be used. Possible values are `v1` and `v2`. Defaults to `v1`."
              },
              "storage_profile_enabled": {
                "default": false,
                "description": "Enable storage profile"
              },
              "storage_profile_file_driver_enabled": {
                "default": true,
                "description": "(Optional) Is the File CSI driver enabled? Defaults to `true`"
              },
              "storage_profile_snapshot_controller_enabled": {
                "default": true,
                "description": "(Optional) Is the Snapshot Controller enabled? Defaults to `true`"
              },
              "tags": {
                "default": {},
                "description": "Any tags that should be present on the AKS cluster resources"
              },
              "temporary_name_for_rotation": {
                "default": null,
                "description": "(Optional) Specifies the name of the temporary node pool used to cycle the default node pool for VM resizing. the `var.agents_size` is no longer ForceNew and can be resized by specifying `temporary_name_for_rotation`"
              },
              "tracing_tags_enabled": {
                "default": false,
                "description": "Whether enable tracing tags that generated by BridgeCrew Yor."
              },
              "tracing_tags_prefix": {
                "default": "avm_",
                "description": "Default prefix for generated tracing tags"
              },
              "ultra_ssd_enabled": {
                "default": false,
                "description": "(Optional) Used to specify whether the UltraSSD is enabled in the Default Node Pool. Defaults to false."
              },
              "vnet_subnet_id": {
                "default": null,
                "description": "(Optional) The ID of a Subnet where the Kubernetes Node Pool should exist. Changing this forces a new resource to be created."
              },
              "web_app_routing": {
                "default": null,
                "description": "object({\n  dns_zone_id = \"(Required) Specifies the ID of the DNS Zone in which DNS entries are created for applications deployed to the cluster when Web App Routing is enabled.\"\n})\n"
              },
              "workload_identity_enabled": {
                "default": false,
                "description": "Enable or Disable Workload Identity. Defaults to false."
              }
            }
          },
          "version_constraint": "7.1.0",
          "depends_on": [
            "module.aks-vnet"
          ]
        },
        "aks-vnet": {
          "source": "Azure/subnets/azurerm",
          "expressions": {
            "resource_group_name": {
              "references": [
                "azurerm_resource_group.aks.name",
                "azurerm_resource_group.aks"
              ]
            },
            "subnets": {
              "constant_value": {
                "subnet0": {
                  "address_prefixes": [
                    "10.52.0.0/24"
                  ]
                }
              }
            },
            "virtual_network_address_space": {
              "constant_value": [
                "10.52.0.0/16"
              ]
            },
            "virtual_network_location": {
              "references": [
                "var.region"
              ]
            },
            "virtual_network_name": {
              "constant_value": "aks-on-azure-vnet"
            }
          },
          "module": {
            "outputs": {
              "vnet_address_space": {
                "expression": {
                  "references": [
                    "azurerm_virtual_network.vnet.address_space",
                    "azurerm_virtual_network.vnet"
                  ]
                },
                "description": "The address space of the newly created vNet"
              },
              "vnet_id": {
                "expression": {
                  "references": [
                    "azurerm_virtual_network.vnet.id",
                    "azurerm_virtual_network.vnet"
                  ]
                },
                "description": "The id of the newly created vNet"
              },
              "vnet_location": {
                "expression": {
                  "references": [
                    "azurerm_virtual_network.vnet.location",
                    "azurerm_virtual_network.vnet"
                  ]
                },
                "description": "The location of the newly created vNet"
              },
              "vnet_name": {
                "expression": {
                  "references": [
                    "azurerm_virtual_network.vnet.name",
                    "azurerm_virtual_network.vnet"
                  ]
                },
                "description": "The Name of the newly created vNet"
              },
              "vnet_subnets_name_id": {
                "expression": {
                  "references": [
                    "local.azurerm_subnet_name2id"
                  ]
                },
                "description": "Can be queried subnet-id by subnet name by using lookup(module.vnet.vnet_subnets_name_id, subnet1)"
              }
            },
            "resources": [
              {
                "address": "azurerm_subnet.subnet",
                "mode": "managed",
                "type": "azurerm_subnet",
                "name": "subnet",
                "provider_config_key": "azurerm",
                "expressions": {
                  "address_prefixes": {
                    "references": [
                      "var.subnets",
                      "each.value"
                    ]
                  },
                  "name": {
                    "references": [
                      "each.value"
                    ]
                  },
                  "private_endpoint_network_policies_enabled": {
                    "references": [
                      "var.subnets",
                      "each.value"
                    ]
                  },
                  "private_link_service_network_policies_enabled": {
                    "references": [
                      "var.subnets",
                      "each.value"
                    ]
                  },
                  "resource_group_name": {
                    "references": [
                      "var.resource_group_name"
                    ]
                  },
                  "service_endpoint_policy_ids": {
                    "references": [
                      "var.subnets",
                      "each.value"
                    ]
                  },
                  "service_endpoints": {
                    "references": [
                      "var.subnets",
                      "each.value"
                    ]
                  },
                  "virtual_network_name": {
                    "references": [
                      "azurerm_virtual_network.vnet.name",
                      "azurerm_virtual_network.vnet"
                    ]
                  }
                },
                "schema_version": 0,
                "for_each_expression": {
                  "references": [
                    "local.subnet_names"
                  ]
                },
                "depends_on": [
                  "azurerm_virtual_network_dns_servers.vnet_dns"
                ]
              },
              {
                "address": "azurerm_subnet_nat_gateway_association.nat_gw",
                "mode": "managed",
                "type": "azurerm_subnet_nat_gateway_association",
                "name": "nat_gw",
                "provider_config_key": "azurerm",
                "expressions": {
                  "nat_gateway_id": {
                    "references": [
                      "var.subnets",
                      "each.value"
                    ]
                  },
                  "subnet_id": {
                    "references": [
                      "local.azurerm_subnet_name2id",
                      "each.value"
                    ]
                  }
                },
                "schema_version": 0,
                "for_each_expression": {
                  "references": [
                    "local.subnet_names_with_nat_gateway"
                  ]
                }
              },
              {
                "address": "azurerm_subnet_network_security_group_association.vnet",
                "mode": "managed",
                "type": "azurerm_subnet_network_security_group_association",
                "name": "vnet",
                "provider_config_key": "azurerm",
                "expressions": {
                  "network_security_group_id": {
                    "references": [
                      "var.subnets",
                      "each.value"
                    ]
                  },
                  "subnet_id": {
                    "references": [
                      "local.azurerm_subnet_name2id",
                      "each.value"
                    ]
                  }
                },
                "schema_version": 0,
                "for_each_expression": {
                  "references": [
                    "local.subnet_names_with_network_security_group"
                  ]
                }
              },
              {
                "address": "azurerm_subnet_route_table_association.vnet",
                "mode": "managed",
                "type": "azurerm_subnet_route_table_association",
                "name": "vnet",
                "provider_config_key": "azurerm",
                "expressions": {
                  "route_table_id": {
                    "references": [
                      "var.subnets",
                      "each.value"
                    ]
                  },
                  "subnet_id": {
                    "references": [
                      "local.azurerm_subnet_name2id",
                      "each.value"
                    ]
                  }
                },
                "schema_version": 0,
                "for_each_expression": {
                  "references": [
                    "local.subnet_names_with_route_table"
                  ]
                }
              },
              {
                "address": "azurerm_virtual_network.vnet",
                "mode": "managed",
                "type": "azurerm_virtual_network",
                "name": "vnet",
                "provider_config_key": "azurerm",
                "expressions": {
                  "address_space": {
                    "references": [
                      "var.virtual_network_address_space"
                    ]
                  },
                  "bgp_community": {
                    "references": [
                      "var.virtual_network_bgp_community"
                    ]
                  },
                  "edge_zone": {
                    "references": [
                      "var.virtual_network_edge_zone"
                    ]
                  },
                  "flow_timeout_in_minutes": {
                    "references": [
                      "var.virtual_network_flow_timeout_in_minutes"
                    ]
                  },
                  "location": {
                    "references": [
                      "var.virtual_network_location"
                    ]
                  },
                  "name": {
                    "references": [
                      "var.virtual_network_name"
                    ]
                  },
                  "resource_group_name": {
                    "references": [
                      "var.resource_group_name"
                    ]
                  },
                  "tags": {
                    "references": [
                      "var.virtual_network_tags"
                    ]
                  }
                },
                "schema_version": 0
              },
              {
                "address": "azurerm_virtual_network_dns_servers.vnet_dns",
                "mode": "managed",
                "type": "azurerm_virtual_network_dns_servers",
                "name": "vnet_dns",
                "provider_config_key": "azurerm",
                "expressions": {
                  "dns_servers": {
                    "references": [
                      "var.virtual_network_dns_servers.dns_servers",
                      "var.virtual_network_dns_servers"
                    ]
                  },
                  "virtual_network_id": {
                    "references": [
                      "azurerm_virtual_network.vnet.id",
                      "azurerm_virtual_network.vnet"
                    ]
                  }
                },
                "schema_version": 0,
                "count_expression": {
                  "references": [
                    "var.virtual_network_dns_servers"
                  ]
                }
              }
            ],
            "variables": {
              "resource_group_name": {
                "description": "(Required) The name of the resource group in which to create the subnets. Changing this forces new resources to be created."
              },
              "subnets": {
                "description": "Subnets to create"
              },
              "virtual_network_address_space": {
                "description": " (Required) The address space that is used the virtual network. You can supply more than one address space."
              },
              "virtual_network_bgp_community": {
                "default": null,
                "description": "(Optional) The BGP community attribute in format `<as-number>:<community-value>`."
              },
              "virtual_network_ddos_protection_plan": {
                "default": null,
                "description": "AzureNetwork DDoS Protection Plan."
              },
              "virtual_network_dns_servers": {
                "default": null,
                "description": "(Optional) List of IP addresses of DNS servers"
              },
              "virtual_network_edge_zone": {
                "default": null,
                "description": "(Optional) Specifies the Edge Zone within the Azure Region where this Virtual Network should exist. Changing this forces a new Virtual Network to be created."
              },
              "virtual_network_flow_timeout_in_minutes": {
                "default": null,
                "description": "(Optional) The flow timeout in minutes for the Virtual Network, which is used to enable connection tracking for intra-VM flows. Possible values are between `4` and `30`minutes."
              },
              "virtual_network_location": {
                "description": "(Required) The location/region where the virtual network is created. Changing this forces new resources to be created."
              },
              "virtual_network_name": {
                "description": "(Required) The name of the virtual network to which to attach the subnet. Changing this forces a new resource to be created."
              },
              "virtual_network_tags": {
                "default": null,
                "description": "(Optional) A mapping of tags to assign to the virtual network."
              }
            }
          },
          "version_constraint": "1.0.0"
        },
        "aks-vnet2": {
          "source": "Azure/subnets/azurerm",
          "expressions": {
            "resource_group_name": {
              "references": [
                "azurerm_resource_group.aks.name",
                "azurerm_resource_group.aks"
              ]
            },
            "subnets": {
              "constant_value": {
                "subnet0": {
                  "address_prefixes": [
                    "10.0.0.0/24"
                  ]
                }
              }
            },
            "virtual_network_address_space": {
              "constant_value": [
                "10.0.0.0/16"
              ]
            },
            "virtual_network_location": {
              "references": [
                "var.region"
              ]
            },
            "virtual_network_name": {
              "constant_value": "aks-on-azure-vnet2"
            }
          },
          "module": {
            "outputs": {
              "vnet_address_space": {
                "expression": {
                  "references": [
                    "azurerm_virtual_network.vnet.address_space",
                    "azurerm_virtual_network.vnet"
                  ]
                },
                "description": "The address space of the newly created vNet"
              },
              "vnet_id": {
                "expression": {
                  "references": [
                    "azurerm_virtual_network.vnet.id",
                    "azurerm_virtual_network.vnet"
                  ]
                },
                "description": "The id of the newly created vNet"
              },
              "vnet_location": {
                "expression": {
                  "references": [
                    "azurerm_virtual_network.vnet.location",
                    "azurerm_virtual_network.vnet"
                  ]
                },
                "description": "The location of the newly created vNet"
              },
              "vnet_name": {
                "expression": {
                  "references": [
                    "azurerm_virtual_network.vnet.name",
                    "azurerm_virtual_network.vnet"
                  ]
                },
                "description": "The Name of the newly created vNet"
              },
              "vnet_subnets_name_id": {
                "expression": {
                  "references": [
                    "local.azurerm_subnet_name2id"
                  ]
                },
                "description": "Can be queried subnet-id by subnet name by using lookup(module.vnet.vnet_subnets_name_id, subnet1)"
              }
            },
            "resources": [
              {
                "address": "azurerm_subnet.subnet",
                "mode": "managed",
                "type": "azurerm_subnet",
                "name": "subnet",
                "provider_config_key": "azurerm",
                "expressions": {
                  "address_prefixes": {
                    "references": [
                      "var.subnets",
                      "each.value"
                    ]
                  },
                  "name": {
                    "references": [
                      "each.value"
                    ]
                  },
                  "private_endpoint_network_policies_enabled": {
                    "references": [
                      "var.subnets",
                      "each.value"
                    ]
                  },
                  "private_link_service_network_policies_enabled": {
                    "references": [
                      "var.subnets",
                      "each.value"
                    ]
                  },
                  "resource_group_name": {
                    "references": [
                      "var.resource_group_name"
                    ]
                  },
                  "service_endpoint_policy_ids": {
                    "references": [
                      "var.subnets",
                      "each.value"
                    ]
                  },
                  "service_endpoints": {
                    "references": [
                      "var.subnets",
                      "each.value"
                    ]
                  },
                  "virtual_network_name": {
                    "references": [
                      "azurerm_virtual_network.vnet.name",
                      "azurerm_virtual_network.vnet"
                    ]
                  }
                },
                "schema_version": 0,
                "for_each_expression": {
                  "references": [
                    "local.subnet_names"
                  ]
                },
                "depends_on": [
                  "azurerm_virtual_network_dns_servers.vnet_dns"
                ]
              },
              {
                "address": "azurerm_subnet_nat_gateway_association.nat_gw",
                "mode": "managed",
                "type": "azurerm_subnet_nat_gateway_association",
                "name": "nat_gw",
                "provider_config_key": "azurerm",
                "expressions": {
                  "nat_gateway_id": {
                    "references": [
                      "var.subnets",
                      "each.value"
                    ]
                  },
                  "subnet_id": {
                    "references": [
                      "local.azurerm_subnet_name2id",
                      "each.value"
                    ]
                  }
                },
                "schema_version": 0,
                "for_each_expression": {
                  "references": [
                    "local.subnet_names_with_nat_gateway"
                  ]
                }
              },
              {
                "address": "azurerm_subnet_network_security_group_association.vnet",
                "mode": "managed",
                "type": "azurerm_subnet_network_security_group_association",
                "name": "vnet",
                "provider_config_key": "azurerm",
                "expressions": {
                  "network_security_group_id": {
                    "references": [
                      "var.subnets",
                      "each.value"
                    ]
                  },
                  "subnet_id": {
                    "references": [
                      "local.azurerm_subnet_name2id",
                      "each.value"
                    ]
                  }
                },
                "schema_version": 0,
                "for_each_expression": {
                  "references": [
                    "local.subnet_names_with_network_security_group"
                  ]
                }
              },
              {
                "address": "azurerm_subnet_route_table_association.vnet",
                "mode": "managed",
                "type": "azurerm_subnet_route_table_association",
                "name": "vnet",
                "provider_config_key": "azurerm",
                "expressions": {
                  "route_table_id": {
                    "references": [
                      "var.subnets",
                      "each.value"
                    ]
                  },
                  "subnet_id": {
                    "references": [
                      "local.azurerm_subnet_name2id",
                      "each.value"
                    ]
                  }
                },
                "schema_version": 0,
                "for_each_expression": {
                  "references": [
                    "local.subnet_names_with_route_table"
                  ]
                }
              },
              {
                "address": "azurerm_virtual_network.vnet",
                "mode": "managed",
                "type": "azurerm_virtual_network",
                "name": "vnet",
                "provider_config_key": "azurerm",
                "expressions": {
                  "address_space": {
                    "references": [
                      "var.virtual_network_address_space"
                    ]
                  },
                  "bgp_community": {
                    "references": [
                      "var.virtual_network_bgp_community"
                    ]
                  },
                  "edge_zone": {
                    "references": [
                      "var.virtual_network_edge_zone"
                    ]
                  },
                  "flow_timeout_in_minutes": {
                    "references": [
                      "var.virtual_network_flow_timeout_in_minutes"
                    ]
                  },
                  "location": {
                    "references": [
                      "var.virtual_network_location"
                    ]
                  },
                  "name": {
                    "references": [
                      "var.virtual_network_name"
                    ]
                  },
                  "resource_group_name": {
                    "references": [
                      "var.resource_group_name"
                    ]
                  },
                  "tags": {
                    "references": [
                      "var.virtual_network_tags"
                    ]
                  }
                },
                "schema_version": 0
              },
              {
                "address": "azurerm_virtual_network_dns_servers.vnet_dns",
                "mode": "managed",
                "type": "azurerm_virtual_network_dns_servers",
                "name": "vnet_dns",
                "provider_config_key": "azurerm",
                "expressions": {
                  "dns_servers": {
                    "references": [
                      "var.virtual_network_dns_servers.dns_servers",
                      "var.virtual_network_dns_servers"
                    ]
                  },
                  "virtual_network_id": {
                    "references": [
                      "azurerm_virtual_network.vnet.id",
                      "azurerm_virtual_network.vnet"
                    ]
                  }
                },
                "schema_version": 0,
                "count_expression": {
                  "references": [
                    "var.virtual_network_dns_servers"
                  ]
                }
              }
            ],
            "variables": {
              "resource_group_name": {
                "description": "(Required) The name of the resource group in which to create the subnets. Changing this forces new resources to be created."
              },
              "subnets": {
                "description": "Subnets to create"
              },
              "virtual_network_address_space": {
                "description": " (Required) The address space that is used the virtual network. You can supply more than one address space."
              },
              "virtual_network_bgp_community": {
                "default": null,
                "description": "(Optional) The BGP community attribute in format `<as-number>:<community-value>`."
              },
              "virtual_network_ddos_protection_plan": {
                "default": null,
                "description": "AzureNetwork DDoS Protection Plan."
              },
              "virtual_network_dns_servers": {
                "default": null,
                "description": "(Optional) List of IP addresses of DNS servers"
              },
              "virtual_network_edge_zone": {
                "default": null,
                "description": "(Optional) Specifies the Edge Zone within the Azure Region where this Virtual Network should exist. Changing this forces a new Virtual Network to be created."
              },
              "virtual_network_flow_timeout_in_minutes": {
                "default": null,
                "description": "(Optional) The flow timeout in minutes for the Virtual Network, which is used to enable connection tracking for intra-VM flows. Possible values are between `4` and `30`minutes."
              },
              "virtual_network_location": {
                "description": "(Required) The location/region where the virtual network is created. Changing this forces new resources to be created."
              },
              "virtual_network_name": {
                "description": "(Required) The name of the virtual network to which to attach the subnet. Changing this forces a new resource to be created."
              },
              "virtual_network_tags": {
                "default": null,
                "description": "(Optional) A mapping of tags to assign to the virtual network."
              }
            }
          },
          "version_constraint": "1.0.0"
        }
      },
      "variables": {
        "agents_size": {
          "default": "Standard_D2s_v3",
          "description": "The default virtual machine size for the Kubernetes agents"
        },
        "aks_virtual_network": {
          "default": "vnet-aks",
          "description": "virtual network name"
        },
        "aks_vnet_address_space": {
          "default": [
            "10.0.0.0/16"
          ],
          "description": "Specifies the address prefix of the AKS subnet"
        },
        "api_server_authorized_ip_ranges": {
          "default": null,
          "description": "(Optional) The IP ranges to allow for incoming traffic to the server nodes."
        },
        "api_server_subnet_id": {
          "default": null,
          "description": "(Optional) The ID of the Subnet where the API server endpoint is delegated to."
        },
        "default_node_pool_subnet_address_prefix": {
          "default": [
            "10.0.0.0/20"
          ],
          "description": "Specifies the address prefix of the subnet that hosts the default node pool"
        },
        "default_node_pool_subnet_name": {
          "default": "SystemSubnet",
          "description": "Specifies the name of the subnet that hosts the default node pool"
        },
        "kubernetes_version": {
          "default": null,
          "description": "Specify which Kubernetes release to use. The default used is the latest Kubernetes version available in the region"
        },
        "os_sku": {
          "default": null,
          "description": "(Optional) Specifies the OS SKU used by the agent pool. Possible values include: `Ubuntu`, `CBLMariner`, `Mariner`, `Windows2019`, `Windows2022`. If not specified, the default is `Ubuntu` if OSType=Linux or `Windows2019` if OSType=Windows. And the default Windows OSSKU will be changed to `Windows2022` after Windows2019 is deprecated. Changing this forces a new resource to be created."
        },
        "pod_subnet_id": {
          "default": null,
          "description": "(Optional) The ID of the Subnet where the pods in the default Node Pool should exist. Changing this forces a new resource to be created."
        },
        "private_cluster_enabled": {
          "default": false,
          "description": "If true cluster API server will be exposed only on internal IP address and available only in cluster vnet."
        },
        "private_cluster_public_fqdn_enabled": {
          "default": false,
          "description": "(Optional) Specifies whether a Public FQDN for this Private Cluster should be added. Defaults to `false`."
        },
        "private_dns_zone_id": {
          "default": null,
          "description": "(Optional) Either the ID of Private DNS Zone which should be delegated to this Cluster, `System` to have AKS manage this or `None`. In case of `None` you will need to bring your own DNS server and set up resolving, otherwise cluster will have issues after provisioning. Changing this forces a new resource to be created."
        },
        "public_network_access_enabled": {
          "default": true,
          "description": "(Optional) Whether public network access is allowed for this Kubernetes Cluster. Defaults to `true`. Changing this forces a new resource to be created."
        },
        "public_ssh_key": {
          "default": "",
          "description": "A custom ssh key to control access to the AKS cluster. Changing this forces a new resource to be created."
        },
        "rbac_aad": {
          "default": false,
          "description": "(Optional) Is Azure Active Directory integration enabled?"
        },
        "region": {
          "default": "eastus"
        },
        "resource_group_name": {
          "default": "aks-test-rg",
          "description": "The name of the resource group in which to create the AKS cluster"
        },
        "role_based_access_control_enabled": {
          "default": false,
          "description": "Enable Role Based Access Control."
        },
        "sku_tier": {
          "default": "Free",
          "description": "The SKU Tier that should be used for this Kubernetes Cluster. Possible values are `Free` and `Standard`"
        },
        "subnet_delegation": {
          "default": {},
          "description": "`service_delegation` blocks for `azurerm_subnet` resource, subnet names as keys, list of delegation blocks as value, more details about delegation block could be found at the [document](https://registry.terraform.io/providers/hashicorp/azurerm/latest/docs/resources/subnet#delegation)."
        },
        "subnet_enforce_private_link_endpoint_network_policies": {
          "default": {},
          "description": "A map with key (string) `subnet name`, value (bool) `true` or `false` to indicate enable or disable network policies for the private link endpoint on the subnet. Default value is false."
        },
        "subnet_names": {
          "default": [
            "subnet1"
          ],
          "description": "A list of public subnets inside the vNet."
        },
        "subnet_prefixes": {
          "default": [
            "10.0.1.0/24"
          ],
          "description": "The address prefix to use for the subnet."
        },
        "subnet_service_endpoints": {
          "default": {},
          "description": "A map with key (string) `subnet name`, value (list(string)) to indicate enabled service endpoints on the subnet. Default value is []."
        },
        "tags": {
          "default": {},
          "description": "Any tags that should be present on the AKS cluster resources"
        },
        "use_for_each": {
          "default": true
        }
      }
    }
  },
  "relevant_attributes": [
    {
      "resource": "module.aks.tls_private_key.ssh[0]",
      "attribute": [
        "public_key_openssh"
      ]
    },
    {
      "resource": "module.aks-vnet.azurerm_virtual_network.vnet",
      "attribute": [
        "id"
      ]
    },
    {
      "resource": "module.aks-vnet.azurerm_virtual_network.vnet",
      "attribute": [
        "address_space"
      ]
    },
    {
      "resource": "module.aks.azurerm_kubernetes_cluster.main",
      "attribute": [
        "key_vault_secrets_provider",
        0
      ]
    },
    {
      "resource": "module.aks.azurerm_kubernetes_cluster.main",
      "attribute": [
        "kube_admin_config",
        0,
        "password"
      ]
    },
    {
      "resource": "module.aks.azurerm_kubernetes_cluster.main",
      "attribute": [
        "kube_admin_config",
        0,
        "client_key"
      ]
    },
    {
      "resource": "module.aks.azurerm_kubernetes_cluster.main",
      "attribute": [
        "private_fqdn"
      ]
    },
    {
      "resource": "module.aks.azurerm_kubernetes_cluster.main",
      "attribute": [
        "kube_config",
        0,
        "client_key"
      ]
    },
    {
      "resource": "module.aks.data.azurerm_resource_group.main",
      "attribute": [
        "name"
      ]
    },
    {
      "resource": "module.aks.azurerm_kubernetes_cluster.main",
      "attribute": [
        "location"
      ]
    },
    {
      "resource": "module.aks.azurerm_kubernetes_cluster.main",
      "attribute": [
        "kube_config",
        0,
        "cluster_ca_certificate"
      ]
    },
    {
      "resource": "module.aks.azurerm_kubernetes_cluster.main",
      "attribute": [
        "oms_agent",
        0
      ]
    },
    {
      "resource": "module.aks.azurerm_kubernetes_cluster.main",
      "attribute": [
        "kube_admin_config",
        0,
        "cluster_ca_certificate"
      ]
    },
    {
      "resource": "module.aks.azurerm_kubernetes_cluster.main",
      "attribute": [
        "kube_admin_config",
        0,
        "host"
      ]
    },
    {
      "resource": "module.aks-vnet2.azurerm_subnet.subnet",
      "attribute": []
    },
    {
      "resource": "module.aks-vnet.azurerm_virtual_network.vnet",
      "attribute": [
        "location"
      ]
    },
    {
      "resource": "module.aks.azurerm_kubernetes_cluster.main",
      "attribute": [
        "oidc_issuer_url"
      ]
    },
    {
      "resource": "module.aks.azurerm_kubernetes_cluster.main",
      "attribute": [
        "id"
      ]
    },
    {
      "resource": "module.aks.azurerm_kubernetes_cluster.main",
      "attribute": [
        "aci_connector_linux",
        0
      ]
    },
    {
      "resource": "module.aks.azurerm_kubernetes_cluster.main",
      "attribute": [
        "identity",
        0
      ]
    },
    {
      "resource": "module.aks.azurerm_kubernetes_cluster.main",
      "attribute": [
        "kube_config",
        0,
        "password"
      ]
    },
    {
      "resource": "module.aks.azurerm_kubernetes_cluster.main",
      "attribute": [
        "kube_admin_config_raw"
      ]
    },
    {
      "resource": "module.aks.azurerm_kubernetes_cluster.main",
      "attribute": [
        "kube_config",
        0,
        "client_certificate"
      ]
    },
    {
      "resource": "module.aks.azurerm_kubernetes_cluster.main",
      "attribute": [
        "network_profile"
      ]
    },
    {
      "resource": "module.aks.azurerm_kubernetes_cluster.main",
      "attribute": [
        "http_application_routing_zone_name"
      ]
    },
    {
      "resource": "module.aks.azurerm_kubernetes_cluster.main",
      "attribute": [
        "portal_fqdn"
      ]
    },
    {
      "resource": "module.aks.azurerm_kubernetes_cluster.main",
      "attribute": [
        "node_resource_group"
      ]
    },
    {
      "resource": "module.aks-vnet.azurerm_subnet.subnet",
      "attribute": []
    },
    {
      "resource": "module.aks.azurerm_kubernetes_cluster.main",
      "attribute": [
        "kube_admin_config",
        0,
        "username"
      ]
    },
    {
      "resource": "module.aks.azurerm_kubernetes_cluster.main",
      "attribute": [
        "kube_config",
        0,
        "username"
      ]
    },
    {
      "resource": "module.aks.azurerm_kubernetes_cluster.main",
      "attribute": [
        "http_application_routing_enabled"
      ]
    },
    {
      "resource": "module.aks.azurerm_kubernetes_cluster.main",
      "attribute": [
        "kube_config",
        0,
        "host"
      ]
    },
    {
      "resource": "module.aks-vnet2.azurerm_virtual_network.vnet",
      "attribute": [
        "name"
      ]
    },
    {
      "resource": "module.aks-vnet.azurerm_virtual_network.vnet",
      "attribute": [
        "name"
      ]
    },
    {
      "resource": "module.aks.data.azurerm_resource_group.main",
      "attribute": [
        "location"
      ]
    },
    {
      "resource": "module.aks-vnet2.azurerm_virtual_network.vnet",
      "attribute": [
        "location"
      ]
    },
    {
      "resource": "module.aks-vnet2.azurerm_virtual_network.vnet",
      "attribute": [
        "address_space"
      ]
    },
    {
      "resource": "module.aks.azurerm_kubernetes_cluster.main",
      "attribute": [
        "fqdn"
      ]
    },
    {
      "resource": "module.aks.azurerm_kubernetes_cluster.main",
      "attribute": [
        "azure_policy_enabled"
      ]
    },
    {
      "resource": "module.aks.azurerm_kubernetes_cluster.main",
      "attribute": [
        "ingress_application_gateway",
        0
      ]
    },
    {
      "resource": "module.aks.azurerm_log_analytics_workspace.main[0]",
      "attribute": [
        "id"
      ]
    },
    {
      "resource": "module.aks-vnet2.azurerm_virtual_network.vnet",
      "attribute": [
        "id"
      ]
    },
    {
      "resource": "module.aks.azurerm_kubernetes_cluster.main",
      "attribute": [
        "kube_config_raw"
      ]
    },
    {
      "resource": "module.aks.azurerm_kubernetes_cluster.main",
      "attribute": [
        "kube_admin_config",
        0,
        "client_certificate"
      ]
    },
    {
      "resource": "module.aks.azurerm_kubernetes_cluster.main",
      "attribute": [
        "kubelet_identity"
      ]
    },
    {
      "resource": "module.aks.azurerm_kubernetes_cluster.main",
      "attribute": [
        "name"
      ]
    },
    {
      "resource": "azurerm_resource_group.aks",
      "attribute": [
        "name"
      ]
    },
    {
      "resource": "module.aks.azurerm_log_analytics_workspace.main[0]",
      "attribute": [
        "name"
      ]
    }
  ],
  "checks": [
    {
      "address": {
        "kind": "resource",
        "mode": "managed",
        "module": "module.aks",
        "name": "main",
        "to_display": "module.aks.azurerm_kubernetes_cluster.main",
        "type": "azurerm_kubernetes_cluster"
      },
      "status": "pass",
      "instances": [
        {
          "address": {
            "module": "module.aks",
            "to_display": "module.aks.azurerm_kubernetes_cluster.main"
          },
          "status": "pass"
        }
      ]
    },
    {
      "address": {
        "kind": "resource",
        "mode": "managed",
        "module": "module.aks",
        "name": "node_pool",
        "to_display": "module.aks.azurerm_kubernetes_cluster_node_pool.node_pool",
        "type": "azurerm_kubernetes_cluster_node_pool"
      },
      "status": "pass"
    },
    {
      "address": {
        "kind": "resource",
        "mode": "managed",
        "module": "module.aks",
        "name": "main",
        "to_display": "module.aks.azurerm_log_analytics_workspace.main",
        "type": "azurerm_log_analytics_workspace"
      },
      "status": "pass"
    }
  ],
  "timestamp": "2023-08-15T15:57:40Z"
}
